// !$*UTF8*$!
{
	archiveVersion = 1;
	classes = {
	};
	objectVersion = 46;
	objects = {

/* Begin PBXBuildFile section */
		25ECBA651A0578070002514B /* main.m in Sources */ = {isa = PBXBuildFile; fileRef = 25ECBA641A0578070002514B /* main.m */; };
		25ECBA681A0578070002514B /* AppDelegate.m in Sources */ = {isa = PBXBuildFile; fileRef = 25ECBA671A0578070002514B /* AppDelegate.m */; };
		25ECBA6B1A0578070002514B /* FirstViewController.m in Sources */ = {isa = PBXBuildFile; fileRef = 25ECBA6A1A0578070002514B /* FirstViewController.m */; };
		25ECBA6E1A0578070002514B /* SecondViewController.m in Sources */ = {isa = PBXBuildFile; fileRef = 25ECBA6D1A0578070002514B /* SecondViewController.m */; };
		25ECBA711A0578070002514B /* Main.storyboard in Resources */ = {isa = PBXBuildFile; fileRef = 25ECBA6F1A0578070002514B /* Main.storyboard */; };
		25ECBA731A0578070002514B /* Images.xcassets in Resources */ = {isa = PBXBuildFile; fileRef = 25ECBA721A0578070002514B /* Images.xcassets */; };
		25ECBA761A0578070002514B /* LaunchScreen.xib in Resources */ = {isa = PBXBuildFile; fileRef = 25ECBA741A0578070002514B /* LaunchScreen.xib */; };
		25ECBA821A0578070002514B /* FindAFlockTests.m in Sources */ = {isa = PBXBuildFile; fileRef = 25ECBA811A0578070002514B /* FindAFlockTests.m */; };
/* End PBXBuildFile section */

/* Begin PBXContainerItemProxy section */
		25ECBA7C1A0578070002514B /* PBXContainerItemProxy */ = {
			isa = PBXContainerItemProxy;
			containerPortal = 25ECBA571A0578070002514B /* Project object */;
			proxyType = 1;
			remoteGlobalIDString = 25ECBA5E1A0578070002514B;
			remoteInfo = FindAFlock;
		};
/* End PBXContainerItemProxy section */

/* Begin PBXFileReference section */
		25ECBA5F1A0578070002514B /* FindAFlock.app */ = {isa = PBXFileReference; explicitFileType = wrapper.application; includeInIndex = 0; path = FindAFlock.app; sourceTree = BUILT_PRODUCTS_DIR; };
		25ECBA631A0578070002514B /* Info.plist */ = {isa = PBXFileReference; lastKnownFileType = text.plist.xml; path = Info.plist; sourceTree = "<group>"; };
		25ECBA641A0578070002514B /* main.m */ = {isa = PBXFileReference; lastKnownFileType = sourcecode.c.objc; path = main.m; sourceTree = "<group>"; };
		25ECBA661A0578070002514B /* AppDelegate.h */ = {isa = PBXFileReference; lastKnownFileType = sourcecode.c.h; path = AppDelegate.h; sourceTree = "<group>"; };
		25ECBA671A0578070002514B /* AppDelegate.m */ = {isa = PBXFileReference; lastKnownFileType = sourcecode.c.objc; path = AppDelegate.m; sourceTree = "<group>"; };
		25ECBA691A0578070002514B /* FirstViewController.h */ = {isa = PBXFileReference; lastKnownFileType = sourcecode.c.h; path = FirstViewController.h; sourceTree = "<group>"; };
		25ECBA6A1A0578070002514B /* FirstViewController.m */ = {isa = PBXFileReference; lastKnownFileType = sourcecode.c.objc; path = FirstViewController.m; sourceTree = "<group>"; };
		25ECBA6C1A0578070002514B /* SecondViewController.h */ = {isa = PBXFileReference; lastKnownFileType = sourcecode.c.h; path = SecondViewController.h; sourceTree = "<group>"; };
		25ECBA6D1A0578070002514B /* SecondViewController.m */ = {isa = PBXFileReference; lastKnownFileType = sourcecode.c.objc; path = SecondViewController.m; sourceTree = "<group>"; };
		25ECBA701A0578070002514B /* Base */ = {isa = PBXFileReference; lastKnownFileType = file.storyboard; name = Base; path = Base.lproj/Main.storyboard; sourceTree = "<group>"; };
		25ECBA721A0578070002514B /* Images.xcassets */ = {isa = PBXFileReference; lastKnownFileType = folder.assetcatalog; path = Images.xcassets; sourceTree = "<group>"; };
		25ECBA751A0578070002514B /* Base */ = {isa = PBXFileReference; lastKnownFileType = file.xib; name = Base; path = Base.lproj/LaunchScreen.xib; sourceTree = "<group>"; };
		25ECBA7B1A0578070002514B /* FindAFlockTests.xctest */ = {isa = PBXFileReference; explicitFileType = wrapper.cfbundle; includeInIndex = 0; path = FindAFlockTests.xctest; sourceTree = BUILT_PRODUCTS_DIR; };
		25ECBA801A0578070002514B /* Info.plist */ = {isa = PBXFileReference; lastKnownFileType = text.plist.xml; path = Info.plist; sourceTree = "<group>"; };
		25ECBA811A0578070002514B /* FindAFlockTests.m */ = {isa = PBXFileReference; lastKnownFileType = sourcecode.c.objc; path = FindAFlockTests.m; sourceTree = "<group>"; };
/* End PBXFileReference section */

/* Begin PBXFrameworksBuildPhase section */
		25ECBA5C1A0578070002514B /* Frameworks */ = {
			isa = PBXFrameworksBuildPhase;
			buildActionMask = 2147483647;
			files = (
			);
			runOnlyForDeploymentPostprocessing = 0;
		};
		25ECBA781A0578070002514B /* Frameworks */ = {
			isa = PBXFrameworksBuildPhase;
			buildActionMask = 2147483647;
			files = (
			);
			runOnlyForDeploymentPostprocessing = 0;
		};
/* End PBXFrameworksBuildPhase section */

/* Begin PBXGroup section */
		25ECBA561A0578070002514B = {
			isa = PBXGroup;
			children = (
				25ECBA611A0578070002514B /* FindAFlock */,
				25ECBA7E1A0578070002514B /* FindAFlockTests */,
				25ECBA601A0578070002514B /* Products */,
			);
			sourceTree = "<group>";
		};
		25ECBA601A0578070002514B /* Products */ = {
			isa = PBXGroup;
			children = (
				25ECBA5F1A0578070002514B /* FindAFlock.app */,
				25ECBA7B1A0578070002514B /* FindAFlockTests.xctest */,
			);
			name = Products;
			sourceTree = "<group>";
		};
		25ECBA611A0578070002514B /* FindAFlock */ = {
			isa = PBXGroup;
			children = (
				25ECBA661A0578070002514B /* AppDelegate.h */,
				25ECBA671A0578070002514B /* AppDelegate.m */,
				25ECBA691A0578070002514B /* FirstViewController.h */,
				25ECBA6A1A0578070002514B /* FirstViewController.m */,
				25ECBA6C1A0578070002514B /* SecondViewController.h */,
				25ECBA6D1A0578070002514B /* SecondViewController.m */,
				25ECBA6F1A0578070002514B /* Main.storyboard */,
				25ECBA721A0578070002514B /* Images.xcassets */,
				25ECBA741A0578070002514B /* LaunchScreen.xib */,
				25ECBA621A0578070002514B /* Supporting Files */,
			);
			path = FindAFlock;
			sourceTree = "<group>";
		};
		25ECBA621A0578070002514B /* Supporting Files */ = {
			isa = PBXGroup;
			children = (
				25ECBA631A0578070002514B /* Info.plist */,
				25ECBA641A0578070002514B /* main.m */,
			);
			name = "Supporting Files";
			sourceTree = "<group>";
		};
		25ECBA7E1A0578070002514B /* FindAFlockTests */ = {
			isa = PBXGroup;
			children = (
				25ECBA811A0578070002514B /* FindAFlockTests.m */,
				25ECBA7F1A0578070002514B /* Supporting Files */,
			);
			path = FindAFlockTests;
			sourceTree = "<group>";
		};
		25ECBA7F1A0578070002514B /* Supporting Files */ = {
			isa = PBXGroup;
			children = (
				25ECBA801A0578070002514B /* Info.plist */,
			);
			name = "Supporting Files";
			sourceTree = "<group>";
		};
/* End PBXGroup section */

/* Begin PBXNativeTarget section */
		25ECBA5E1A0578070002514B /* FindAFlock */ = {
			isa = PBXNativeTarget;
			buildConfigurationList = 25ECBA851A0578070002514B /* Build configuration list for PBXNativeTarget "FindAFlock" */;
			buildPhases = (
				25ECBA5B1A0578070002514B /* Sources */,
				25ECBA5C1A0578070002514B /* Frameworks */,
				25ECBA5D1A0578070002514B /* Resources */,
			);
			buildRules = (
			);
			dependencies = (
			);
			name = FindAFlock;
			productName = FindAFlock;
			productReference = 25ECBA5F1A0578070002514B /* FindAFlock.app */;
			productType = "com.apple.product-type.application";
		};
		25ECBA7A1A0578070002514B /* FindAFlockTests */ = {
			isa = PBXNativeTarget;
			buildConfigurationList = 25ECBA881A0578070002514B /* Build configuration list for PBXNativeTarget "FindAFlockTests" */;
			buildPhases = (
				25ECBA771A0578070002514B /* Sources */,
				25ECBA781A0578070002514B /* Frameworks */,
				25ECBA791A0578070002514B /* Resources */,
			);
			buildRules = (
			);
			dependencies = (
				25ECBA7D1A0578070002514B /* PBXTargetDependency */,
			);
			name = FindAFlockTests;
			productName = FindAFlockTests;
			productReference = 25ECBA7B1A0578070002514B /* FindAFlockTests.xctest */;
			productType = "com.apple.product-type.bundle.unit-test";
		};
/* End PBXNativeTarget section */

/* Begin PBXProject section */
		25ECBA571A0578070002514B /* Project object */ = {
			isa = PBXProject;
			attributes = {
				LastUpgradeCheck = 0610;
				ORGANIZATIONNAME = "Lucas Gutterman";
				TargetAttributes = {
					25ECBA5E1A0578070002514B = {
						CreatedOnToolsVersion = 6.1;
					};
					25ECBA7A1A0578070002514B = {
						CreatedOnToolsVersion = 6.1;
						TestTargetID = 25ECBA5E1A0578070002514B;
					};
				};
			};
			buildConfigurationList = 25ECBA5A1A0578070002514B /* Build configuration list for PBXProject "FindAFlock" */;
			compatibilityVersion = "Xcode 3.2";
			developmentRegion = English;
			hasScannedForEncodings = 0;
			knownRegions = (
				en,
				Base,
			);
			mainGroup = 25ECBA561A0578070002514B;
			productRefGroup = 25ECBA601A0578070002514B /* Products */;
			projectDirPath = "";
			projectRoot = "";
			targets = (
				25ECBA5E1A0578070002514B /* FindAFlock */,
				25ECBA7A1A0578070002514B /* FindAFlockTests */,
			);
		};
/* End PBXProject section */

/* Begin PBXResourcesBuildPhase section */
		25ECBA5D1A0578070002514B /* Resources */ = {
			isa = PBXResourcesBuildPhase;
			buildActionMask = 2147483647;
			files = (
				25ECBA711A0578070002514B /* Main.storyboard in Resources */,
				25ECBA761A0578070002514B /* LaunchScreen.xib in Resources */,
				25ECBA731A0578070002514B /* Images.xcassets in Resources */,
			);
			runOnlyForDeploymentPostprocessing = 0;
		};
		25ECBA791A0578070002514B /* Resources */ = {
			isa = PBXResourcesBuildPhase;
			buildActionMask = 2147483647;
			files = (
			);
			runOnlyForDeploymentPostprocessing = 0;
		};
/* End PBXResourcesBuildPhase section */

/* Begin PBXSourcesBuildPhase section */
		25ECBA5B1A0578070002514B /* Sources */ = {
			isa = PBXSourcesBuildPhase;
			buildActionMask = 2147483647;
			files = (
				25ECBA6E1A0578070002514B /* SecondViewController.m in Sources */,
				25ECBA681A0578070002514B /* AppDelegate.m in Sources */,
				25ECBA6B1A0578070002514B /* FirstViewController.m in Sources */,
				25ECBA651A0578070002514B /* main.m in Sources */,
			);
			runOnlyForDeploymentPostprocessing = 0;
		};
		25ECBA771A0578070002514B /* Sources */ = {
			isa = PBXSourcesBuildPhase;
			buildActionMask = 2147483647;
			files = (
				25ECBA821A0578070002514B /* FindAFlockTests.m in Sources */,
			);
			runOnlyForDeploymentPostprocessing = 0;
		};
/* End PBXSourcesBuildPhase section */

/* Begin PBXTargetDependency section */
		25ECBA7D1A0578070002514B /* PBXTargetDependency */ = {
			isa = PBXTargetDependency;
			target = 25ECBA5E1A0578070002514B /* FindAFlock */;
			targetProxy = 25ECBA7C1A0578070002514B /* PBXContainerItemProxy */;
		};
/* End PBXTargetDependency section */

/* Begin PBXVariantGroup section */
		25ECBA6F1A0578070002514B /* Main.storyboard */ = {
			isa = PBXVariantGroup;
			children = (
				25ECBA701A0578070002514B /* Base */,
			);
			name = Main.storyboard;
			sourceTree = "<group>";
		};
		25ECBA741A0578070002514B /* LaunchScreen.xib */ = {
			isa = PBXVariantGroup;
			children = (
				25ECBA751A0578070002514B /* Base */,
			);
			name = LaunchScreen.xib;
			sourceTree = "<group>";
		};
/* End PBXVariantGroup section */

/* Begin XCBuildConfiguration section */
		25ECBA831A0578070002514B /* Debug */ = {
			isa = XCBuildConfiguration;
			buildSettings = {
				ALWAYS_SEARCH_USER_PATHS = NO;
				CLANG_CXX_LANGUAGE_STANDARD = "gnu++0x";
				CLANG_CXX_LIBRARY = "libc++";
				CLANG_ENABLE_MODULES = YES;
				CLANG_ENABLE_OBJC_ARC = YES;
				CLANG_WARN_BOOL_CONVERSION = YES;
				CLANG_WARN_CONSTANT_CONVERSION = YES;
				CLANG_WARN_DIRECT_OBJC_ISA_USAGE = YES_ERROR;
				CLANG_WARN_EMPTY_BODY = YES;
				CLANG_WARN_ENUM_CONVERSION = YES;
				CLANG_WARN_INT_CONVERSION = YES;
				CLANG_WARN_OBJC_ROOT_CLASS = YES_ERROR;
				CLANG_WARN_UNREACHABLE_CODE = YES;
				CLANG_WARN__DUPLICATE_METHOD_MATCH = YES;
				"CODE_SIGN_IDENTITY[sdk=iphoneos*]" = "iPhone Developer";
				COPY_PHASE_STRIP = NO;
				ENABLE_STRICT_OBJC_MSGSEND = YES;
				GCC_C_LANGUAGE_STANDARD = gnu99;
				GCC_DYNAMIC_NO_PIC = NO;
				GCC_OPTIMIZATION_LEVEL = 0;
				GCC_PREPROCESSOR_DEFINITIONS = (
					"DEBUG=1",
					"$(inherited)",
				);
				GCC_SYMBOLS_PRIVATE_EXTERN = NO;
				GCC_WARN_64_TO_32_BIT_CONVERSION = YES;
				GCC_WARN_ABOUT_RETURN_TYPE = YES_ERROR;
				GCC_WARN_UNDECLARED_SELECTOR = YES;
				GCC_WARN_UNINITIALIZED_AUTOS = YES_AGGRESSIVE;
				GCC_WARN_UNUSED_FUNCTION = YES;
				GCC_WARN_UNUSED_VARIABLE = YES;
				IPHONEOS_DEPLOYMENT_TARGET = 8.1;
				MTL_ENABLE_DEBUG_INFO = YES;
				ONLY_ACTIVE_ARCH = YES;
				SDKROOT = iphoneos;
			};
			name = Debug;
		};
		25ECBA841A0578070002514B /* Release */ = {
			isa = XCBuildConfiguration;
			buildSettings = {
				ALWAYS_SEARCH_USER_PATHS = NO;
				CLANG_CXX_LANGUAGE_STANDARD = "gnu++0x";
				CLANG_CXX_LIBRARY = "libc++";
				CLANG_ENABLE_MODULES = YES;
				CLANG_ENABLE_OBJC_ARC = YES;
				CLANG_WARN_BOOL_CONVERSION = YES;
				CLANG_WARN_CONSTANT_CONVERSION = YES;
				CLANG_WARN_DIRECT_OBJC_ISA_USAGE = YES_ERROR;
				CLANG_WARN_EMPTY_BODY = YES;
				CLANG_WARN_ENUM_CONVERSION = YES;
				CLANG_WARN_INT_CONVERSION = YES;
				CLANG_WARN_OBJC_ROOT_CLASS = YES_ERROR;
				CLANG_WARN_UNREACHABLE_CODE = YES;
				CLANG_WARN__DUPLICATE_METHOD_MATCH = YES;
				"CODE_SIGN_IDENTITY[sdk=iphoneos*]" = "iPhone Developer";
				COPY_PHASE_STRIP = YES;
				ENABLE_NS_ASSERTIONS = NO;
				ENABLE_STRICT_OBJC_MSGSEND = YES;
				GCC_C_LANGUAGE_STANDARD = gnu99;
				GCC_WARN_64_TO_32_BIT_CONVERSION = YES;
				GCC_WARN_ABOUT_RETURN_TYPE = YES_ERROR;
				GCC_WARN_UNDECLARED_SELECTOR = YES;
				GCC_WARN_UNINITIALIZED_AUTOS = YES_AGGRESSIVE;
				GCC_WARN_UNUSED_FUNCTION = YES;
				GCC_WARN_UNUSED_VARIABLE = YES;
				IPHONEOS_DEPLOYMENT_TARGET = 8.1;
				MTL_ENABLE_DEBUG_INFO = NO;
				SDKROOT = iphoneos;
				VALIDATE_PRODUCT = YES;
			};
			name = Release;
		};
		25ECBA861A0578070002514B /* Debug */ = {
			isa = XCBuildConfiguration;
			buildSettings = {
				ASSETCATALOG_COMPILER_APPICON_NAME = AppIcon;
				INFOPLIST_FILE = FindAFlock/Info.plist;
				LD_RUNPATH_SEARCH_PATHS = "$(inherited) @executable_path/Frameworks";
				PRODUCT_NAME = "$(TARGET_NAME)";
			};
			name = Debug;
		};
		25ECBA871A0578070002514B /* Release */ = {
			isa = XCBuildConfiguration;
			buildSettings = {
				ASSETCATALOG_COMPILER_APPICON_NAME = AppIcon;
				INFOPLIST_FILE = FindAFlock/Info.plist;
				LD_RUNPATH_SEARCH_PATHS = "$(inherited) @executable_path/Frameworks";
				PRODUCT_NAME = "$(TARGET_NAME)";
			};
			name = Release;
		};
		25ECBA891A0578070002514B /* Debug */ = {
			isa = XCBuildConfiguration;
			buildSettings = {
				BUNDLE_LOADER = "$(TEST_HOST)";
				FRAMEWORK_SEARCH_PATHS = (
					"$(SDKROOT)/Developer/Library/Frameworks",
					"$(inherited)",
				);
				GCC_PREPROCESSOR_DEFINITIONS = (
					"DEBUG=1",
					"$(inherited)",
				);
				INFOPLIST_FILE = FindAFlockTests/Info.plist;
				LD_RUNPATH_SEARCH_PATHS = "$(inherited) @executable_path/Frameworks @loader_path/Frameworks";
				PRODUCT_NAME = "$(TARGET_NAME)";
				TEST_HOST = "$(BUILT_PRODUCTS_DIR)/FindAFlock.app/FindAFlock";
			};
			name = Debug;
		};
		25ECBA8A1A0578070002514B /* Release */ = {
			isa = XCBuildConfiguration;
			buildSettings = {
				BUNDLE_LOADER = "$(TEST_HOST)";
				FRAMEWORK_SEARCH_PATHS = (
					"$(SDKROOT)/Developer/Library/Frameworks",
					"$(inherited)",
				);
				INFOPLIST_FILE = FindAFlockTests/Info.plist;
				LD_RUNPATH_SEARCH_PATHS = "$(inherited) @executable_path/Frameworks @loader_path/Frameworks";
				PRODUCT_NAME = "$(TARGET_NAME)";
				TEST_HOST = "$(BUILT_PRODUCTS_DIR)/FindAFlock.app/FindAFlock";
			};
			name = Release;
		};
/* End XCBuildConfiguration section */

/* Begin XCConfigurationList section */
		25ECBA5A1A0578070002514B /* Build configuration list for PBXProject "FindAFlock" */ = {
			isa = XCConfigurationList;
			buildConfigurations = (
				25ECBA831A0578070002514B /* Debug */,
				25ECBA841A0578070002514B /* Release */,
			);
			defaultConfigurationIsVisible = 0;
			defaultConfigurationName = Release;
		};
		25ECBA851A0578070002514B /* Build configuration list for PBXNativeTarget "FindAFlock" */ = {
			isa = XCConfigurationList;
			buildConfigurations = (
				25ECBA861A0578070002514B /* Debug */,
				25ECBA871A0578070002514B /* Release */,
			);
			defaultConfigurationIsVisible = 0;
		};
		25ECBA881A0578070002514B /* Build configuration list for PBXNativeTarget "FindAFlockTests" */ = {
			isa = XCConfigurationList;
			buildConfigurations = (
				25ECBA891A0578070002514B /* Debug */,
				25ECBA8A1A0578070002514B /* Release */,
			);
			defaultConfigurationIsVisible = 0;
		};
/* End XCConfigurationList section */
	};
	rootObject = 25ECBA571A0578070002514B /* Project object */;
}
