// !$*UTF8*$!
{
	archiveVersion = 1;
	classes = {
	};
	objectVersion = 46;
	objects = {

/* Begin PBXBuildFile section */
		2534C63E1A1DB5C400636835 /* LocalFlightsViewController.m in Sources */ = {isa = PBXBuildFile; fileRef = 2534C63D1A1DB5C400636835 /* LocalFlightsViewController.m */; };
		2534C6411A1DC7CD00636835 /* FlightDetailViewController.m in Sources */ = {isa = PBXBuildFile; fileRef = 2534C6401A1DC7CD00636835 /* FlightDetailViewController.m */; };
		256790B91A2D680700E0189C /* MeFriendsCollectionViewCell.m in Sources */ = {isa = PBXBuildFile; fileRef = 256790B81A2D680700E0189C /* MeFriendsCollectionViewCell.m */; };
		257ECCF61A0864A60006C78D /* NewFlightsTableViewController.m in Sources */ = {isa = PBXBuildFile; fileRef = 257ECCF51A0864A60006C78D /* NewFlightsTableViewController.m */; };
		258B0AC11A2D166D002C2E95 /* MeViewController.m in Sources */ = {isa = PBXBuildFile; fileRef = 258B0AC01A2D166D002C2E95 /* MeViewController.m */; };
		258B0AC41A2D1C8A002C2E95 /* MeFlightsTableViewController.m in Sources */ = {isa = PBXBuildFile; fileRef = 258B0AC31A2D1C8A002C2E95 /* MeFlightsTableViewController.m */; };
		259A5E791A0837F000CF64A0 /* Contents.json in Resources */ = {isa = PBXBuildFile; fileRef = 259A5E561A0837F000CF64A0 /* Contents.json */; };
		259A5E7A1A0837F000CF64A0 /* group-25.png in Resources */ = {isa = PBXBuildFile; fileRef = 259A5E571A0837F000CF64A0 /* group-25.png */; };
		259A5E7B1A0837F000CF64A0 /* Contents.json in Resources */ = {isa = PBXBuildFile; fileRef = 259A5E581A0837F000CF64A0 /* Contents.json */; };
		259A5E7C1A0837F000CF64A0 /* group-25.png in Resources */ = {isa = PBXBuildFile; fileRef = 259A5E591A0837F000CF64A0 /* group-25.png */; };
		259A5E7D1A0837F000CF64A0 /* Contents.json in Resources */ = {isa = PBXBuildFile; fileRef = 259A5E5B1A0837F000CF64A0 /* Contents.json */; };
		259A5E7E1A0837F000CF64A0 /* near_me-25.png in Resources */ = {isa = PBXBuildFile; fileRef = 259A5E5C1A0837F000CF64A0 /* near_me-25.png */; };
		259A5E7F1A0837F000CF64A0 /* beer_glass-25.png in Resources */ = {isa = PBXBuildFile; fileRef = 259A5E5E1A0837F000CF64A0 /* beer_glass-25.png */; };
		259A5E801A0837F000CF64A0 /* Contents.json in Resources */ = {isa = PBXBuildFile; fileRef = 259A5E5F1A0837F000CF64A0 /* Contents.json */; };
		259A5E811A0837F000CF64A0 /* conference-25.png in Resources */ = {isa = PBXBuildFile; fileRef = 259A5E611A0837F000CF64A0 /* conference-25.png */; };
		259A5E821A0837F000CF64A0 /* Contents.json in Resources */ = {isa = PBXBuildFile; fileRef = 259A5E621A0837F000CF64A0 /* Contents.json */; };
		259A5E871A0837F000CF64A0 /* Contents.json in Resources */ = {isa = PBXBuildFile; fileRef = 259A5E6A1A0837F000CF64A0 /* Contents.json */; };
		259A5E881A0837F000CF64A0 /* plus-32.png in Resources */ = {isa = PBXBuildFile; fileRef = 259A5E6B1A0837F000CF64A0 /* plus-32.png */; };
		259A5E891A0837F000CF64A0 /* plus-75.png in Resources */ = {isa = PBXBuildFile; fileRef = 259A5E6C1A0837F000CF64A0 /* plus-75.png */; };
		259A5E8A1A0837F000CF64A0 /* Contents.json in Resources */ = {isa = PBXBuildFile; fileRef = 259A5E6E1A0837F000CF64A0 /* Contents.json */; };
		259A5E8B1A0837F000CF64A0 /* restaurant-25.png in Resources */ = {isa = PBXBuildFile; fileRef = 259A5E6F1A0837F000CF64A0 /* restaurant-25.png */; };
		259A5E8E1A0837F000CF64A0 /* Contents.json in Resources */ = {isa = PBXBuildFile; fileRef = 259A5E741A0837F000CF64A0 /* Contents.json */; };
		259A5E8F1A0837F000CF64A0 /* twitter-25.png in Resources */ = {isa = PBXBuildFile; fileRef = 259A5E751A0837F000CF64A0 /* twitter-25.png */; };
		259A5E931A0837FB00CF64A0 /* Images.xcassets in Resources */ = {isa = PBXBuildFile; fileRef = 259A5E921A0837FB00CF64A0 /* Images.xcassets */; };
		259F99D01A0891D30047A804 /* FlightsModel.m in Sources */ = {isa = PBXBuildFile; fileRef = 259F99CF1A0891D30047A804 /* FlightsModel.m */; };
		259F99D41A08A04E0047A804 /* FlightTableViewCell.m in Sources */ = {isa = PBXBuildFile; fileRef = 259F99D31A08A04E0047A804 /* FlightTableViewCell.m */; };
		259F99D71A08C9C20047A804 /* CustomLoginViewController.m in Sources */ = {isa = PBXBuildFile; fileRef = 259F99D61A08C9C20047A804 /* CustomLoginViewController.m */; };
		259F99D91A08D81E0047A804 /* FindAFlock-Futura-Light-fb.png in Resources */ = {isa = PBXBuildFile; fileRef = 259F99D81A08D81E0047A804 /* FindAFlock-Futura-Light-fb.png */; };
		25B209311A0822DF00A05800 /* FriendsFlightsContentController.m in Sources */ = {isa = PBXBuildFile; fileRef = 25B209301A0822DF00A05800 /* FriendsFlightsContentController.m */; };
		25ECBA651A0578070002514B /* main.m in Sources */ = {isa = PBXBuildFile; fileRef = 25ECBA641A0578070002514B /* main.m */; };
		25ECBA681A0578070002514B /* AppDelegate.m in Sources */ = {isa = PBXBuildFile; fileRef = 25ECBA671A0578070002514B /* AppDelegate.m */; };
		25ECBA711A0578070002514B /* Main.storyboard in Resources */ = {isa = PBXBuildFile; fileRef = 25ECBA6F1A0578070002514B /* Main.storyboard */; };
		25ECBA761A0578070002514B /* LaunchScreen.xib in Resources */ = {isa = PBXBuildFile; fileRef = 25ECBA741A0578070002514B /* LaunchScreen.xib */; };
		25ECBA821A0578070002514B /* FindAFlockTests.m in Sources */ = {isa = PBXBuildFile; fileRef = 25ECBA811A0578070002514B /* FindAFlockTests.m */; };
		25ECBA8D1A0579B40002514B /* Bolts.framework in Frameworks */ = {isa = PBXBuildFile; fileRef = 25ECBA8B1A0579B40002514B /* Bolts.framework */; };
		25ECBA8E1A0579B40002514B /* Parse.framework in Frameworks */ = {isa = PBXBuildFile; fileRef = 25ECBA8C1A0579B40002514B /* Parse.framework */; };
		25ECBA901A0579CC0002514B /* ParseFacebookUtils.framework in Frameworks */ = {isa = PBXBuildFile; fileRef = 25ECBA8F1A0579CC0002514B /* ParseFacebookUtils.framework */; };
		25ECBA921A0579F30002514B /* Accounts.framework in Frameworks */ = {isa = PBXBuildFile; fileRef = 25ECBA911A0579F30002514B /* Accounts.framework */; };
		25ECBA941A057A000002514B /* AudioToolbox.framework in Frameworks */ = {isa = PBXBuildFile; fileRef = 25ECBA931A057A000002514B /* AudioToolbox.framework */; };
		25ECBA961A057A060002514B /* CFNetwork.framework in Frameworks */ = {isa = PBXBuildFile; fileRef = 25ECBA951A057A060002514B /* CFNetwork.framework */; };
		25ECBA981A057A0C0002514B /* CoreGraphics.framework in Frameworks */ = {isa = PBXBuildFile; fileRef = 25ECBA971A057A0C0002514B /* CoreGraphics.framework */; };
		25ECBA9A1A057A110002514B /* CoreLocation.framework in Frameworks */ = {isa = PBXBuildFile; fileRef = 25ECBA991A057A110002514B /* CoreLocation.framework */; };
		25ECBA9C1A057A180002514B /* libz.dylib in Frameworks */ = {isa = PBXBuildFile; fileRef = 25ECBA9B1A057A180002514B /* libz.dylib */; };
		25ECBA9E1A057A1D0002514B /* MobileCoreServices.framework in Frameworks */ = {isa = PBXBuildFile; fileRef = 25ECBA9D1A057A1D0002514B /* MobileCoreServices.framework */; };
		25ECBAA01A057A220002514B /* QuartzCore.framework in Frameworks */ = {isa = PBXBuildFile; fileRef = 25ECBA9F1A057A220002514B /* QuartzCore.framework */; };
		25ECBAA21A057A270002514B /* Security.framework in Frameworks */ = {isa = PBXBuildFile; fileRef = 25ECBAA11A057A270002514B /* Security.framework */; };
		25ECBAA41A057A2B0002514B /* Social.framework in Frameworks */ = {isa = PBXBuildFile; fileRef = 25ECBAA31A057A2B0002514B /* Social.framework */; };
		25ECBAA61A057A300002514B /* StoreKit.framework in Frameworks */ = {isa = PBXBuildFile; fileRef = 25ECBAA51A057A300002514B /* StoreKit.framework */; };
		25ECBAA81A057A350002514B /* SystemConfiguration.framework in Frameworks */ = {isa = PBXBuildFile; fileRef = 25ECBAA71A057A350002514B /* SystemConfiguration.framework */; };
		25ECBAAB1A057BF50002514B /* FacebookSDK.framework in Frameworks */ = {isa = PBXBuildFile; fileRef = 25ECBAAA1A057BF50002514B /* FacebookSDK.framework */; };
		25F1A4961A2D5290009FD39A /* MeFriendsCollectionViewController.m in Sources */ = {isa = PBXBuildFile; fileRef = 25F1A4951A2D5290009FD39A /* MeFriendsCollectionViewController.m */; };
/* End PBXBuildFile section */

/* Begin PBXContainerItemProxy section */
		25ECBA7C1A0578070002514B /* PBXContainerItemProxy */ = {
			isa = PBXContainerItemProxy;
			containerPortal = 25ECBA571A0578070002514B /* Project object */;
			proxyType = 1;
			remoteGlobalIDString = 25ECBA5E1A0578070002514B;
			remoteInfo = FindAFlock;
		};
/* End PBXContainerItemProxy section */

/* Begin PBXFileReference section */
		2534C63C1A1DB5C400636835 /* LocalFlightsViewController.h */ = {isa = PBXFileReference; fileEncoding = 4; lastKnownFileType = sourcecode.c.h; path = LocalFlightsViewController.h; sourceTree = "<group>"; };
		2534C63D1A1DB5C400636835 /* LocalFlightsViewController.m */ = {isa = PBXFileReference; fileEncoding = 4; lastKnownFileType = sourcecode.c.objc; path = LocalFlightsViewController.m; sourceTree = "<group>"; };
		2534C63F1A1DC7CD00636835 /* FlightDetailViewController.h */ = {isa = PBXFileReference; fileEncoding = 4; lastKnownFileType = sourcecode.c.h; path = FlightDetailViewController.h; sourceTree = "<group>"; };
		2534C6401A1DC7CD00636835 /* FlightDetailViewController.m */ = {isa = PBXFileReference; fileEncoding = 4; lastKnownFileType = sourcecode.c.objc; path = FlightDetailViewController.m; sourceTree = "<group>"; };
		256790B71A2D680700E0189C /* MeFriendsCollectionViewCell.h */ = {isa = PBXFileReference; fileEncoding = 4; lastKnownFileType = sourcecode.c.h; path = MeFriendsCollectionViewCell.h; sourceTree = "<group>"; };
		256790B81A2D680700E0189C /* MeFriendsCollectionViewCell.m */ = {isa = PBXFileReference; fileEncoding = 4; lastKnownFileType = sourcecode.c.objc; path = MeFriendsCollectionViewCell.m; sourceTree = "<group>"; };
		257ECCF41A0864A60006C78D /* NewFlightsTableViewController.h */ = {isa = PBXFileReference; fileEncoding = 4; lastKnownFileType = sourcecode.c.h; path = NewFlightsTableViewController.h; sourceTree = "<group>"; };
		257ECCF51A0864A60006C78D /* NewFlightsTableViewController.m */ = {isa = PBXFileReference; fileEncoding = 4; lastKnownFileType = sourcecode.c.objc; path = NewFlightsTableViewController.m; sourceTree = "<group>"; };
		258B0ABF1A2D166D002C2E95 /* MeViewController.h */ = {isa = PBXFileReference; fileEncoding = 4; lastKnownFileType = sourcecode.c.h; path = MeViewController.h; sourceTree = "<group>"; };
		258B0AC01A2D166D002C2E95 /* MeViewController.m */ = {isa = PBXFileReference; fileEncoding = 4; lastKnownFileType = sourcecode.c.objc; path = MeViewController.m; sourceTree = "<group>"; };
		258B0AC21A2D1C8A002C2E95 /* MeFlightsTableViewController.h */ = {isa = PBXFileReference; fileEncoding = 4; lastKnownFileType = sourcecode.c.h; path = MeFlightsTableViewController.h; sourceTree = "<group>"; };
		258B0AC31A2D1C8A002C2E95 /* MeFlightsTableViewController.m */ = {isa = PBXFileReference; fileEncoding = 4; lastKnownFileType = sourcecode.c.objc; path = MeFlightsTableViewController.m; sourceTree = "<group>"; };
		259A5E561A0837F000CF64A0 /* Contents.json */ = {isa = PBXFileReference; fileEncoding = 4; lastKnownFileType = text.json; path = Contents.json; sourceTree = "<group>"; };
		259A5E571A0837F000CF64A0 /* group-25.png */ = {isa = PBXFileReference; lastKnownFileType = image.png; path = "group-25.png"; sourceTree = "<group>"; };
		259A5E581A0837F000CF64A0 /* Contents.json */ = {isa = PBXFileReference; fileEncoding = 4; lastKnownFileType = text.json; name = Contents.json; path = ../Contents.json; sourceTree = "<group>"; };
		259A5E591A0837F000CF64A0 /* group-25.png */ = {isa = PBXFileReference; lastKnownFileType = image.png; name = "group-25.png"; path = "../group-25.png"; sourceTree = "<group>"; };
		259A5E5B1A0837F000CF64A0 /* Contents.json */ = {isa = PBXFileReference; fileEncoding = 4; lastKnownFileType = text.json; name = Contents.json; path = "../near_me-25.imageset/Contents.json"; sourceTree = "<group>"; };
		259A5E5C1A0837F000CF64A0 /* near_me-25.png */ = {isa = PBXFileReference; lastKnownFileType = image.png; name = "near_me-25.png"; path = "../near_me-25.imageset/near_me-25.png"; sourceTree = "<group>"; };
		259A5E5E1A0837F000CF64A0 /* beer_glass-25.png */ = {isa = PBXFileReference; lastKnownFileType = image.png; name = "beer_glass-25.png"; path = "../beer_glass-25.imageset/beer_glass-25.png"; sourceTree = "<group>"; };
		259A5E5F1A0837F000CF64A0 /* Contents.json */ = {isa = PBXFileReference; fileEncoding = 4; lastKnownFileType = text.json; name = Contents.json; path = "../beer_glass-25.imageset/Contents.json"; sourceTree = "<group>"; };
		259A5E611A0837F000CF64A0 /* conference-25.png */ = {isa = PBXFileReference; lastKnownFileType = image.png; name = "conference-25.png"; path = "../conference-25.imageset/conference-25.png"; sourceTree = "<group>"; };
		259A5E621A0837F000CF64A0 /* Contents.json */ = {isa = PBXFileReference; fileEncoding = 4; lastKnownFileType = text.json; name = Contents.json; path = "../conference-25.imageset/Contents.json"; sourceTree = "<group>"; };
		259A5E6A1A0837F000CF64A0 /* Contents.json */ = {isa = PBXFileReference; fileEncoding = 4; lastKnownFileType = text.json; name = Contents.json; path = "../plus-32.imageset/Contents.json"; sourceTree = "<group>"; };
		259A5E6B1A0837F000CF64A0 /* plus-32.png */ = {isa = PBXFileReference; lastKnownFileType = image.png; name = "plus-32.png"; path = "../plus-32.imageset/plus-32.png"; sourceTree = "<group>"; };
		259A5E6C1A0837F000CF64A0 /* plus-75.png */ = {isa = PBXFileReference; lastKnownFileType = image.png; name = "plus-75.png"; path = "../plus-32.imageset/plus-75.png"; sourceTree = "<group>"; };
		259A5E6E1A0837F000CF64A0 /* Contents.json */ = {isa = PBXFileReference; fileEncoding = 4; lastKnownFileType = text.json; name = Contents.json; path = "../restaurant-25.imageset/Contents.json"; sourceTree = "<group>"; };
		259A5E6F1A0837F000CF64A0 /* restaurant-25.png */ = {isa = PBXFileReference; lastKnownFileType = image.png; name = "restaurant-25.png"; path = "../restaurant-25.imageset/restaurant-25.png"; sourceTree = "<group>"; };
		259A5E741A0837F000CF64A0 /* Contents.json */ = {isa = PBXFileReference; fileEncoding = 4; lastKnownFileType = text.json; path = Contents.json; sourceTree = "<group>"; };
		259A5E751A0837F000CF64A0 /* twitter-25.png */ = {isa = PBXFileReference; lastKnownFileType = image.png; path = "twitter-25.png"; sourceTree = "<group>"; };
		259A5E921A0837FB00CF64A0 /* Images.xcassets */ = {isa = PBXFileReference; lastKnownFileType = folder.assetcatalog; name = Images.xcassets; path = ../Images.xcassets; sourceTree = "<group>"; };
		259F99CF1A0891D30047A804 /* FlightsModel.m */ = {isa = PBXFileReference; fileEncoding = 4; lastKnownFileType = sourcecode.c.objc; path = FlightsModel.m; sourceTree = "<group>"; };
		259F99D11A0893030047A804 /* FlightsModel.h */ = {isa = PBXFileReference; lastKnownFileType = sourcecode.c.h; path = FlightsModel.h; sourceTree = "<group>"; };
		259F99D21A08A04E0047A804 /* FlightTableViewCell.h */ = {isa = PBXFileReference; fileEncoding = 4; lastKnownFileType = sourcecode.c.h; path = FlightTableViewCell.h; sourceTree = "<group>"; };
		259F99D31A08A04E0047A804 /* FlightTableViewCell.m */ = {isa = PBXFileReference; fileEncoding = 4; lastKnownFileType = sourcecode.c.objc; path = FlightTableViewCell.m; sourceTree = "<group>"; };
		259F99D51A08C9C20047A804 /* CustomLoginViewController.h */ = {isa = PBXFileReference; fileEncoding = 4; lastKnownFileType = sourcecode.c.h; path = CustomLoginViewController.h; sourceTree = "<group>"; };
		259F99D61A08C9C20047A804 /* CustomLoginViewController.m */ = {isa = PBXFileReference; fileEncoding = 4; lastKnownFileType = sourcecode.c.objc; path = CustomLoginViewController.m; sourceTree = "<group>"; };
		259F99D81A08D81E0047A804 /* FindAFlock-Futura-Light-fb.png */ = {isa = PBXFileReference; lastKnownFileType = image.png; path = "FindAFlock-Futura-Light-fb.png"; sourceTree = "<group>"; };
		25B2092F1A0822DF00A05800 /* FriendsFlightsContentController.h */ = {isa = PBXFileReference; fileEncoding = 4; lastKnownFileType = sourcecode.c.h; path = FriendsFlightsContentController.h; sourceTree = "<group>"; };
		25B209301A0822DF00A05800 /* FriendsFlightsContentController.m */ = {isa = PBXFileReference; fileEncoding = 4; lastKnownFileType = sourcecode.c.objc; path = FriendsFlightsContentController.m; sourceTree = "<group>"; };
		25ECBA5F1A0578070002514B /* FindAFlock.app */ = {isa = PBXFileReference; explicitFileType = wrapper.application; includeInIndex = 0; path = FindAFlock.app; sourceTree = BUILT_PRODUCTS_DIR; };
		25ECBA631A0578070002514B /* Info.plist */ = {isa = PBXFileReference; lastKnownFileType = text.plist.xml; path = Info.plist; sourceTree = "<group>"; };
		25ECBA641A0578070002514B /* main.m */ = {isa = PBXFileReference; lastKnownFileType = sourcecode.c.objc; path = main.m; sourceTree = "<group>"; };
		25ECBA661A0578070002514B /* AppDelegate.h */ = {isa = PBXFileReference; lastKnownFileType = sourcecode.c.h; path = AppDelegate.h; sourceTree = "<group>"; };
		25ECBA671A0578070002514B /* AppDelegate.m */ = {isa = PBXFileReference; lastKnownFileType = sourcecode.c.objc; path = AppDelegate.m; sourceTree = "<group>"; };
		25ECBA701A0578070002514B /* Base */ = {isa = PBXFileReference; lastKnownFileType = file.storyboard; name = Base; path = Base.lproj/Main.storyboard; sourceTree = "<group>"; };
		25ECBA751A0578070002514B /* Base */ = {isa = PBXFileReference; lastKnownFileType = file.xib; name = Base; path = Base.lproj/LaunchScreen.xib; sourceTree = "<group>"; };
		25ECBA7B1A0578070002514B /* FindAFlockTests.xctest */ = {isa = PBXFileReference; explicitFileType = wrapper.cfbundle; includeInIndex = 0; path = FindAFlockTests.xctest; sourceTree = BUILT_PRODUCTS_DIR; };
		25ECBA801A0578070002514B /* Info.plist */ = {isa = PBXFileReference; lastKnownFileType = text.plist.xml; path = Info.plist; sourceTree = "<group>"; };
		25ECBA811A0578070002514B /* FindAFlockTests.m */ = {isa = PBXFileReference; lastKnownFileType = sourcecode.c.objc; path = FindAFlockTests.m; sourceTree = "<group>"; };
		25ECBA8B1A0579B40002514B /* Bolts.framework */ = {isa = PBXFileReference; lastKnownFileType = wrapper.framework; name = Bolts.framework; path = "parse-library-1.4.2/Bolts.framework"; sourceTree = "<group>"; };
		25ECBA8C1A0579B40002514B /* Parse.framework */ = {isa = PBXFileReference; lastKnownFileType = wrapper.framework; name = Parse.framework; path = "parse-library-1.4.2/Parse.framework"; sourceTree = "<group>"; };
		25ECBA8F1A0579CC0002514B /* ParseFacebookUtils.framework */ = {isa = PBXFileReference; lastKnownFileType = wrapper.framework; name = ParseFacebookUtils.framework; path = "parse-library-1.4.2/ParseFacebookUtils.framework"; sourceTree = "<group>"; };
		25ECBA911A0579F30002514B /* Accounts.framework */ = {isa = PBXFileReference; lastKnownFileType = wrapper.framework; name = Accounts.framework; path = System/Library/Frameworks/Accounts.framework; sourceTree = SDKROOT; };
		25ECBA931A057A000002514B /* AudioToolbox.framework */ = {isa = PBXFileReference; lastKnownFileType = wrapper.framework; name = AudioToolbox.framework; path = System/Library/Frameworks/AudioToolbox.framework; sourceTree = SDKROOT; };
		25ECBA951A057A060002514B /* CFNetwork.framework */ = {isa = PBXFileReference; lastKnownFileType = wrapper.framework; name = CFNetwork.framework; path = System/Library/Frameworks/CFNetwork.framework; sourceTree = SDKROOT; };
		25ECBA971A057A0C0002514B /* CoreGraphics.framework */ = {isa = PBXFileReference; lastKnownFileType = wrapper.framework; name = CoreGraphics.framework; path = System/Library/Frameworks/CoreGraphics.framework; sourceTree = SDKROOT; };
		25ECBA991A057A110002514B /* CoreLocation.framework */ = {isa = PBXFileReference; lastKnownFileType = wrapper.framework; name = CoreLocation.framework; path = System/Library/Frameworks/CoreLocation.framework; sourceTree = SDKROOT; };
		25ECBA9B1A057A180002514B /* libz.dylib */ = {isa = PBXFileReference; lastKnownFileType = "compiled.mach-o.dylib"; name = libz.dylib; path = usr/lib/libz.dylib; sourceTree = SDKROOT; };
		25ECBA9D1A057A1D0002514B /* MobileCoreServices.framework */ = {isa = PBXFileReference; lastKnownFileType = wrapper.framework; name = MobileCoreServices.framework; path = System/Library/Frameworks/MobileCoreServices.framework; sourceTree = SDKROOT; };
		25ECBA9F1A057A220002514B /* QuartzCore.framework */ = {isa = PBXFileReference; lastKnownFileType = wrapper.framework; name = QuartzCore.framework; path = System/Library/Frameworks/QuartzCore.framework; sourceTree = SDKROOT; };
		25ECBAA11A057A270002514B /* Security.framework */ = {isa = PBXFileReference; lastKnownFileType = wrapper.framework; name = Security.framework; path = System/Library/Frameworks/Security.framework; sourceTree = SDKROOT; };
		25ECBAA31A057A2B0002514B /* Social.framework */ = {isa = PBXFileReference; lastKnownFileType = wrapper.framework; name = Social.framework; path = System/Library/Frameworks/Social.framework; sourceTree = SDKROOT; };
		25ECBAA51A057A300002514B /* StoreKit.framework */ = {isa = PBXFileReference; lastKnownFileType = wrapper.framework; name = StoreKit.framework; path = System/Library/Frameworks/StoreKit.framework; sourceTree = SDKROOT; };
		25ECBAA71A057A350002514B /* SystemConfiguration.framework */ = {isa = PBXFileReference; lastKnownFileType = wrapper.framework; name = SystemConfiguration.framework; path = System/Library/Frameworks/SystemConfiguration.framework; sourceTree = SDKROOT; };
		25ECBAAA1A057BF50002514B /* FacebookSDK.framework */ = {isa = PBXFileReference; lastKnownFileType = wrapper.framework; name = FacebookSDK.framework; path = ../../../../../Documents/FacebookSDK/FacebookSDK.framework; sourceTree = "<group>"; };
		25F1A4941A2D5290009FD39A /* MeFriendsCollectionViewController.h */ = {isa = PBXFileReference; fileEncoding = 4; lastKnownFileType = sourcecode.c.h; path = MeFriendsCollectionViewController.h; sourceTree = "<group>"; };
		25F1A4951A2D5290009FD39A /* MeFriendsCollectionViewController.m */ = {isa = PBXFileReference; fileEncoding = 4; lastKnownFileType = sourcecode.c.objc; path = MeFriendsCollectionViewController.m; sourceTree = "<group>"; };
/* End PBXFileReference section */

/* Begin PBXFrameworksBuildPhase section */
		25ECBA5C1A0578070002514B /* Frameworks */ = {
			isa = PBXFrameworksBuildPhase;
			buildActionMask = 2147483647;
			files = (
				25ECBAA81A057A350002514B /* SystemConfiguration.framework in Frameworks */,
				25ECBAA61A057A300002514B /* StoreKit.framework in Frameworks */,
				25ECBAA41A057A2B0002514B /* Social.framework in Frameworks */,
				25ECBAA21A057A270002514B /* Security.framework in Frameworks */,
				25ECBAA01A057A220002514B /* QuartzCore.framework in Frameworks */,
				25ECBA9E1A057A1D0002514B /* MobileCoreServices.framework in Frameworks */,
				25ECBA9C1A057A180002514B /* libz.dylib in Frameworks */,
				25ECBA9A1A057A110002514B /* CoreLocation.framework in Frameworks */,
				25ECBA981A057A0C0002514B /* CoreGraphics.framework in Frameworks */,
				25ECBA961A057A060002514B /* CFNetwork.framework in Frameworks */,
				25ECBA941A057A000002514B /* AudioToolbox.framework in Frameworks */,
				25ECBA921A0579F30002514B /* Accounts.framework in Frameworks */,
				25ECBA8E1A0579B40002514B /* Parse.framework in Frameworks */,
				25ECBAAB1A057BF50002514B /* FacebookSDK.framework in Frameworks */,
				25ECBA8D1A0579B40002514B /* Bolts.framework in Frameworks */,
				25ECBA901A0579CC0002514B /* ParseFacebookUtils.framework in Frameworks */,
			);
			runOnlyForDeploymentPostprocessing = 0;
		};
		25ECBA781A0578070002514B /* Frameworks */ = {
			isa = PBXFrameworksBuildPhase;
			buildActionMask = 2147483647;
			files = (
			);
			runOnlyForDeploymentPostprocessing = 0;
		};
/* End PBXFrameworksBuildPhase section */

/* Begin PBXGroup section */
		259A5E551A0837F000CF64A0 /* group-25.imageset */ = {
			isa = PBXGroup;
			children = (
			);
			name = "group-25.imageset";
			sourceTree = "<group>";
		};
		259A5E5A1A0837F000CF64A0 /* near_me-25.imageset */ = {
			isa = PBXGroup;
			children = (
			);
			name = "near_me-25.imageset";
			path = "../near_me-25.imageset";
			sourceTree = "<group>";
		};
		259A5E5D1A0837F000CF64A0 /* beer_glass-25.imageset */ = {
			isa = PBXGroup;
			children = (
			);
			name = "beer_glass-25.imageset";
			path = "../beer_glass-25.imageset";
			sourceTree = "<group>";
		};
		259A5E601A0837F000CF64A0 /* conference-25.imageset */ = {
			isa = PBXGroup;
			children = (
			);
			name = "conference-25.imageset";
			path = "../conference-25.imageset";
			sourceTree = "<group>";
		};
		259A5E691A0837F000CF64A0 /* plus-32.imageset */ = {
			isa = PBXGroup;
			children = (
			);
			name = "plus-32.imageset";
			path = "../plus-32.imageset";
			sourceTree = "<group>";
		};
		259A5E6D1A0837F000CF64A0 /* restaurant-25.imageset */ = {
			isa = PBXGroup;
			children = (
			);
			name = "restaurant-25.imageset";
			path = "../restaurant-25.imageset";
			sourceTree = "<group>";
		};
		259A5E731A0837F000CF64A0 /* twitter-25.imageset */ = {
			isa = PBXGroup;
			children = (
				259A5E741A0837F000CF64A0 /* Contents.json */,
				259A5E751A0837F000CF64A0 /* twitter-25.png */,
			);
			name = "twitter-25.imageset";
			path = "../twitter-25.imageset";
			sourceTree = "<group>";
		};
		259A5E941A08387000CF64A0 /* Images */ = {
			isa = PBXGroup;
			children = (
				259F99D81A08D81E0047A804 /* FindAFlock-Futura-Light-fb.png */,
				259A5E551A0837F000CF64A0 /* group-25.imageset */,
				259A5E561A0837F000CF64A0 /* Contents.json */,
				259A5E571A0837F000CF64A0 /* group-25.png */,
				259A5E581A0837F000CF64A0 /* Contents.json */,
				259A5E591A0837F000CF64A0 /* group-25.png */,
				259A5E5A1A0837F000CF64A0 /* near_me-25.imageset */,
				259A5E5B1A0837F000CF64A0 /* Contents.json */,
				259A5E5C1A0837F000CF64A0 /* near_me-25.png */,
				259A5E5D1A0837F000CF64A0 /* beer_glass-25.imageset */,
				259A5E5E1A0837F000CF64A0 /* beer_glass-25.png */,
				259A5E5F1A0837F000CF64A0 /* Contents.json */,
				259A5E601A0837F000CF64A0 /* conference-25.imageset */,
				259A5E611A0837F000CF64A0 /* conference-25.png */,
				259A5E621A0837F000CF64A0 /* Contents.json */,
				259A5E691A0837F000CF64A0 /* plus-32.imageset */,
				259A5E6A1A0837F000CF64A0 /* Contents.json */,
				259A5E6B1A0837F000CF64A0 /* plus-32.png */,
				259A5E6C1A0837F000CF64A0 /* plus-75.png */,
				259A5E6D1A0837F000CF64A0 /* restaurant-25.imageset */,
				259A5E6E1A0837F000CF64A0 /* Contents.json */,
				259A5E6F1A0837F000CF64A0 /* restaurant-25.png */,
				259A5E731A0837F000CF64A0 /* twitter-25.imageset */,
			);
			name = Images;
			path = "../group-25.imageset";
			sourceTree = "<group>";
		};
		25ECBA561A0578070002514B = {
			isa = PBXGroup;
			children = (
				25ECBAA91A057A490002514B /* Frameworks */,
				25ECBA611A0578070002514B /* FindAFlock */,
				25ECBA7E1A0578070002514B /* FindAFlockTests */,
				25ECBA601A0578070002514B /* Products */,
			);
			sourceTree = "<group>";
		};
		25ECBA601A0578070002514B /* Products */ = {
			isa = PBXGroup;
			children = (
				25ECBA5F1A0578070002514B /* FindAFlock.app */,
				25ECBA7B1A0578070002514B /* FindAFlockTests.xctest */,
			);
			name = Products;
			sourceTree = "<group>";
		};
		25ECBA611A0578070002514B /* FindAFlock */ = {
			isa = PBXGroup;
			children = (
				257ECCF41A0864A60006C78D /* NewFlightsTableViewController.h */,
				257ECCF51A0864A60006C78D /* NewFlightsTableViewController.m */,
				2534C63C1A1DB5C400636835 /* LocalFlightsViewController.h */,
				2534C63D1A1DB5C400636835 /* LocalFlightsViewController.m */,
				259F99CF1A0891D30047A804 /* FlightsModel.m */,
				259F99D11A0893030047A804 /* FlightsModel.h */,
				25ECBA661A0578070002514B /* AppDelegate.h */,
				25ECBA671A0578070002514B /* AppDelegate.m */,
				25ECBA6F1A0578070002514B /* Main.storyboard */,
				25F1A4941A2D5290009FD39A /* MeFriendsCollectionViewController.h */,
				25F1A4951A2D5290009FD39A /* MeFriendsCollectionViewController.m */,
				256790B71A2D680700E0189C /* MeFriendsCollectionViewCell.h */,
				256790B81A2D680700E0189C /* MeFriendsCollectionViewCell.m */,
				258B0ABF1A2D166D002C2E95 /* MeViewController.h */,
				258B0AC01A2D166D002C2E95 /* MeViewController.m */,
				258B0AC21A2D1C8A002C2E95 /* MeFlightsTableViewController.h */,
				258B0AC31A2D1C8A002C2E95 /* MeFlightsTableViewController.m */,
				259F99D51A08C9C20047A804 /* CustomLoginViewController.h */,
				259F99D61A08C9C20047A804 /* CustomLoginViewController.m */,
				259F99D21A08A04E0047A804 /* FlightTableViewCell.h */,
				259F99D31A08A04E0047A804 /* FlightTableViewCell.m */,
				25B2092F1A0822DF00A05800 /* FriendsFlightsContentController.h */,
				25B209301A0822DF00A05800 /* FriendsFlightsContentController.m */,
				2534C63F1A1DC7CD00636835 /* FlightDetailViewController.h */,
				2534C6401A1DC7CD00636835 /* FlightDetailViewController.m */,
				25ECBA741A0578070002514B /* LaunchScreen.xib */,
				259A5E921A0837FB00CF64A0 /* Images.xcassets */,
				259A5E941A08387000CF64A0 /* Images */,
				25ECBA621A0578070002514B /* Supporting Files */,
			);
			path = FindAFlock;
			sourceTree = "<group>";
		};
		25ECBA621A0578070002514B /* Supporting Files */ = {
			isa = PBXGroup;
			children = (
				25ECBA631A0578070002514B /* Info.plist */,
				25ECBA641A0578070002514B /* main.m */,
			);
			name = "Supporting Files";
			sourceTree = "<group>";
		};
		25ECBA7E1A0578070002514B /* FindAFlockTests */ = {
			isa = PBXGroup;
			children = (
				25ECBA811A0578070002514B /* FindAFlockTests.m */,
				25ECBA7F1A0578070002514B /* Supporting Files */,
			);
			path = FindAFlockTests;
			sourceTree = "<group>";
		};
		25ECBA7F1A0578070002514B /* Supporting Files */ = {
			isa = PBXGroup;
			children = (
				25ECBA801A0578070002514B /* Info.plist */,
			);
			name = "Supporting Files";
			sourceTree = "<group>";
		};
		25ECBAA91A057A490002514B /* Frameworks */ = {
			isa = PBXGroup;
			children = (
				25ECBAAA1A057BF50002514B /* FacebookSDK.framework */,
				25ECBAA71A057A350002514B /* SystemConfiguration.framework */,
				25ECBAA51A057A300002514B /* StoreKit.framework */,
				25ECBAA31A057A2B0002514B /* Social.framework */,
				25ECBAA11A057A270002514B /* Security.framework */,
				25ECBA9F1A057A220002514B /* QuartzCore.framework */,
				25ECBA9D1A057A1D0002514B /* MobileCoreServices.framework */,
				25ECBA9B1A057A180002514B /* libz.dylib */,
				25ECBA991A057A110002514B /* CoreLocation.framework */,
				25ECBA971A057A0C0002514B /* CoreGraphics.framework */,
				25ECBA951A057A060002514B /* CFNetwork.framework */,
				25ECBA931A057A000002514B /* AudioToolbox.framework */,
				25ECBA911A0579F30002514B /* Accounts.framework */,
				25ECBA8F1A0579CC0002514B /* ParseFacebookUtils.framework */,
				25ECBA8B1A0579B40002514B /* Bolts.framework */,
				25ECBA8C1A0579B40002514B /* Parse.framework */,
			);
			name = Frameworks;
			sourceTree = "<group>";
		};
/* End PBXGroup section */

/* Begin PBXNativeTarget section */
		25ECBA5E1A0578070002514B /* FindAFlock */ = {
			isa = PBXNativeTarget;
			buildConfigurationList = 25ECBA851A0578070002514B /* Build configuration list for PBXNativeTarget "FindAFlock" */;
			buildPhases = (
				25ECBA5B1A0578070002514B /* Sources */,
				25ECBA5C1A0578070002514B /* Frameworks */,
				25ECBA5D1A0578070002514B /* Resources */,
			);
			buildRules = (
			);
			dependencies = (
			);
			name = FindAFlock;
			productName = FindAFlock;
			productReference = 25ECBA5F1A0578070002514B /* FindAFlock.app */;
			productType = "com.apple.product-type.application";
		};
		25ECBA7A1A0578070002514B /* FindAFlockTests */ = {
			isa = PBXNativeTarget;
			buildConfigurationList = 25ECBA881A0578070002514B /* Build configuration list for PBXNativeTarget "FindAFlockTests" */;
			buildPhases = (
				25ECBA771A0578070002514B /* Sources */,
				25ECBA781A0578070002514B /* Frameworks */,
				25ECBA791A0578070002514B /* Resources */,
			);
			buildRules = (
			);
			dependencies = (
				25ECBA7D1A0578070002514B /* PBXTargetDependency */,
			);
			name = FindAFlockTests;
			productName = FindAFlockTests;
			productReference = 25ECBA7B1A0578070002514B /* FindAFlockTests.xctest */;
			productType = "com.apple.product-type.bundle.unit-test";
		};
/* End PBXNativeTarget section */

/* Begin PBXProject section */
		25ECBA571A0578070002514B /* Project object */ = {
			isa = PBXProject;
			attributes = {
				LastUpgradeCheck = 0610;
				ORGANIZATIONNAME = "Lucas Gutterman";
				TargetAttributes = {
					25ECBA5E1A0578070002514B = {
						CreatedOnToolsVersion = 6.1;
					};
					25ECBA7A1A0578070002514B = {
						CreatedOnToolsVersion = 6.1;
						TestTargetID = 25ECBA5E1A0578070002514B;
					};
				};
			};
			buildConfigurationList = 25ECBA5A1A0578070002514B /* Build configuration list for PBXProject "FindAFlock" */;
			compatibilityVersion = "Xcode 3.2";
			developmentRegion = English;
			hasScannedForEncodings = 0;
			knownRegions = (
				en,
				Base,
			);
			mainGroup = 25ECBA561A0578070002514B;
			productRefGroup = 25ECBA601A0578070002514B /* Products */;
			projectDirPath = "";
			projectRoot = "";
			targets = (
				25ECBA5E1A0578070002514B /* FindAFlock */,
				25ECBA7A1A0578070002514B /* FindAFlockTests */,
			);
		};
/* End PBXProject section */

/* Begin PBXResourcesBuildPhase section */
		25ECBA5D1A0578070002514B /* Resources */ = {
			isa = PBXResourcesBuildPhase;
			buildActionMask = 2147483647;
			files = (
				259A5E811A0837F000CF64A0 /* conference-25.png in Resources */,
				25ECBA711A0578070002514B /* Main.storyboard in Resources */,
				259A5E8E1A0837F000CF64A0 /* Contents.json in Resources */,
				259A5E7E1A0837F000CF64A0 /* near_me-25.png in Resources */,
				25ECBA761A0578070002514B /* LaunchScreen.xib in Resources */,
				259A5E931A0837FB00CF64A0 /* Images.xcassets in Resources */,
				259A5E881A0837F000CF64A0 /* plus-32.png in Resources */,
				259A5E7D1A0837F000CF64A0 /* Contents.json in Resources */,
				259A5E7A1A0837F000CF64A0 /* group-25.png in Resources */,
				259A5E821A0837F000CF64A0 /* Contents.json in Resources */,
				259A5E7C1A0837F000CF64A0 /* group-25.png in Resources */,
				259A5E871A0837F000CF64A0 /* Contents.json in Resources */,
				259A5E8B1A0837F000CF64A0 /* restaurant-25.png in Resources */,
				259A5E7F1A0837F000CF64A0 /* beer_glass-25.png in Resources */,
				259A5E891A0837F000CF64A0 /* plus-75.png in Resources */,
				259A5E791A0837F000CF64A0 /* Contents.json in Resources */,
				259A5E801A0837F000CF64A0 /* Contents.json in Resources */,
				259A5E8F1A0837F000CF64A0 /* twitter-25.png in Resources */,
				259A5E7B1A0837F000CF64A0 /* Contents.json in Resources */,
				259F99D91A08D81E0047A804 /* FindAFlock-Futura-Light-fb.png in Resources */,
				259A5E8A1A0837F000CF64A0 /* Contents.json in Resources */,
			);
			runOnlyForDeploymentPostprocessing = 0;
		};
		25ECBA791A0578070002514B /* Resources */ = {
			isa = PBXResourcesBuildPhase;
			buildActionMask = 2147483647;
			files = (
			);
			runOnlyForDeploymentPostprocessing = 0;
		};
/* End PBXResourcesBuildPhase section */

/* Begin PBXSourcesBuildPhase section */
		25ECBA5B1A0578070002514B /* Sources */ = {
			isa = PBXSourcesBuildPhase;
			buildActionMask = 2147483647;
			files = (
				259F99D41A08A04E0047A804 /* FlightTableViewCell.m in Sources */,
				259F99D71A08C9C20047A804 /* CustomLoginViewController.m in Sources */,
				2534C6411A1DC7CD00636835 /* FlightDetailViewController.m in Sources */,
				2534C63E1A1DB5C400636835 /* LocalFlightsViewController.m in Sources */,
				258B0AC41A2D1C8A002C2E95 /* MeFlightsTableViewController.m in Sources */,
				258B0AC11A2D166D002C2E95 /* MeViewController.m in Sources */,
				25F1A4961A2D5290009FD39A /* MeFriendsCollectionViewController.m in Sources */,
				256790B91A2D680700E0189C /* MeFriendsCollectionViewCell.m in Sources */,
				25ECBA681A0578070002514B /* AppDelegate.m in Sources */,
				25B209311A0822DF00A05800 /* FriendsFlightsContentController.m in Sources */,
				257ECCF61A0864A60006C78D /* NewFlightsTableViewController.m in Sources */,
				259F99D01A0891D30047A804 /* FlightsModel.m in Sources */,
				25ECBA651A0578070002514B /* main.m in Sources */,
			);
			runOnlyForDeploymentPostprocessing = 0;
		};
		25ECBA771A0578070002514B /* Sources */ = {
			isa = PBXSourcesBuildPhase;
			buildActionMask = 2147483647;
			files = (
				25ECBA821A0578070002514B /* FindAFlockTests.m in Sources */,
			);
			runOnlyForDeploymentPostprocessing = 0;
		};
/* End PBXSourcesBuildPhase section */

/* Begin PBXTargetDependency section */
		25ECBA7D1A0578070002514B /* PBXTargetDependency */ = {
			isa = PBXTargetDependency;
			target = 25ECBA5E1A0578070002514B /* FindAFlock */;
			targetProxy = 25ECBA7C1A0578070002514B /* PBXContainerItemProxy */;
		};
/* End PBXTargetDependency section */

/* Begin PBXVariantGroup section */
		25ECBA6F1A0578070002514B /* Main.storyboard */ = {
			isa = PBXVariantGroup;
			children = (
				25ECBA701A0578070002514B /* Base */,
			);
			name = Main.storyboard;
			sourceTree = "<group>";
		};
		25ECBA741A0578070002514B /* LaunchScreen.xib */ = {
			isa = PBXVariantGroup;
			children = (
				25ECBA751A0578070002514B /* Base */,
			);
			name = LaunchScreen.xib;
			sourceTree = "<group>";
		};
/* End PBXVariantGroup section */

/* Begin XCBuildConfiguration section */
		25ECBA831A0578070002514B /* Debug */ = {
			isa = XCBuildConfiguration;
			buildSettings = {
				ALWAYS_SEARCH_USER_PATHS = NO;
				CLANG_CXX_LANGUAGE_STANDARD = "gnu++0x";
				CLANG_CXX_LIBRARY = "libc++";
				CLANG_ENABLE_MODULES = YES;
				CLANG_ENABLE_OBJC_ARC = YES;
				CLANG_WARN_BOOL_CONVERSION = YES;
				CLANG_WARN_CONSTANT_CONVERSION = YES;
				CLANG_WARN_DIRECT_OBJC_ISA_USAGE = YES_ERROR;
				CLANG_WARN_EMPTY_BODY = YES;
				CLANG_WARN_ENUM_CONVERSION = YES;
				CLANG_WARN_INT_CONVERSION = YES;
				CLANG_WARN_OBJC_ROOT_CLASS = YES_ERROR;
				CLANG_WARN_UNREACHABLE_CODE = YES;
				CLANG_WARN__DUPLICATE_METHOD_MATCH = YES;
				"CODE_SIGN_IDENTITY[sdk=iphoneos*]" = "iPhone Developer";
				COPY_PHASE_STRIP = NO;
				ENABLE_STRICT_OBJC_MSGSEND = YES;
				GCC_C_LANGUAGE_STANDARD = gnu99;
				GCC_DYNAMIC_NO_PIC = NO;
				GCC_OPTIMIZATION_LEVEL = 0;
				GCC_PREPROCESSOR_DEFINITIONS = (
					"DEBUG=1",
					"$(inherited)",
				);
				GCC_SYMBOLS_PRIVATE_EXTERN = NO;
				GCC_WARN_64_TO_32_BIT_CONVERSION = YES;
				GCC_WARN_ABOUT_RETURN_TYPE = YES_ERROR;
				GCC_WARN_UNDECLARED_SELECTOR = YES;
				GCC_WARN_UNINITIALIZED_AUTOS = YES_AGGRESSIVE;
				GCC_WARN_UNUSED_FUNCTION = YES;
				GCC_WARN_UNUSED_VARIABLE = YES;
				IPHONEOS_DEPLOYMENT_TARGET = 8.1;
				MTL_ENABLE_DEBUG_INFO = YES;
				ONLY_ACTIVE_ARCH = YES;
				SDKROOT = iphoneos;
			};
			name = Debug;
		};
		25ECBA841A0578070002514B /* Release */ = {
			isa = XCBuildConfiguration;
			buildSettings = {
				ALWAYS_SEARCH_USER_PATHS = NO;
				CLANG_CXX_LANGUAGE_STANDARD = "gnu++0x";
				CLANG_CXX_LIBRARY = "libc++";
				CLANG_ENABLE_MODULES = YES;
				CLANG_ENABLE_OBJC_ARC = YES;
				CLANG_WARN_BOOL_CONVERSION = YES;
				CLANG_WARN_CONSTANT_CONVERSION = YES;
				CLANG_WARN_DIRECT_OBJC_ISA_USAGE = YES_ERROR;
				CLANG_WARN_EMPTY_BODY = YES;
				CLANG_WARN_ENUM_CONVERSION = YES;
				CLANG_WARN_INT_CONVERSION = YES;
				CLANG_WARN_OBJC_ROOT_CLASS = YES_ERROR;
				CLANG_WARN_UNREACHABLE_CODE = YES;
				CLANG_WARN__DUPLICATE_METHOD_MATCH = YES;
				"CODE_SIGN_IDENTITY[sdk=iphoneos*]" = "iPhone Developer";
				COPY_PHASE_STRIP = YES;
				ENABLE_NS_ASSERTIONS = NO;
				ENABLE_STRICT_OBJC_MSGSEND = YES;
				GCC_C_LANGUAGE_STANDARD = gnu99;
				GCC_WARN_64_TO_32_BIT_CONVERSION = YES;
				GCC_WARN_ABOUT_RETURN_TYPE = YES_ERROR;
				GCC_WARN_UNDECLARED_SELECTOR = YES;
				GCC_WARN_UNINITIALIZED_AUTOS = YES_AGGRESSIVE;
				GCC_WARN_UNUSED_FUNCTION = YES;
				GCC_WARN_UNUSED_VARIABLE = YES;
				IPHONEOS_DEPLOYMENT_TARGET = 8.1;
				MTL_ENABLE_DEBUG_INFO = NO;
				SDKROOT = iphoneos;
				VALIDATE_PRODUCT = YES;
			};
			name = Release;
		};
		25ECBA861A0578070002514B /* Debug */ = {
			isa = XCBuildConfiguration;
			buildSettings = {
				ASSETCATALOG_COMPILER_APPICON_NAME = AppIcon;
				FRAMEWORK_SEARCH_PATHS = (
					"$(inherited)",
					"$(PROJECT_DIR)/parse-library-1.4.2",
					/Users/lgrocket/Documents/FacebookSDK,
				);
				INFOPLIST_FILE = FindAFlock/Info.plist;
				LD_RUNPATH_SEARCH_PATHS = "$(inherited) @executable_path/Frameworks";
				PRODUCT_NAME = "$(TARGET_NAME)";
			};
			name = Debug;
		};
		25ECBA871A0578070002514B /* Release */ = {
			isa = XCBuildConfiguration;
			buildSettings = {
				ASSETCATALOG_COMPILER_APPICON_NAME = AppIcon;
				FRAMEWORK_SEARCH_PATHS = (
					"$(inherited)",
					"$(PROJECT_DIR)/parse-library-1.4.2",
					/Users/lgrocket/Documents/FacebookSDK,
				);
				INFOPLIST_FILE = FindAFlock/Info.plist;
				LD_RUNPATH_SEARCH_PATHS = "$(inherited) @executable_path/Frameworks";
				PRODUCT_NAME = "$(TARGET_NAME)";
			};
			name = Release;
		};
		25ECBA891A0578070002514B /* Debug */ = {
			isa = XCBuildConfiguration;
			buildSettings = {
				BUNDLE_LOADER = "$(TEST_HOST)";
				FRAMEWORK_SEARCH_PATHS = (
					"$(SDKROOT)/Developer/Library/Frameworks",
					"$(inherited)",
				);
				GCC_PREPROCESSOR_DEFINITIONS = (
					"DEBUG=1",
					"$(inherited)",
				);
				INFOPLIST_FILE = FindAFlockTests/Info.plist;
				LD_RUNPATH_SEARCH_PATHS = "$(inherited) @executable_path/Frameworks @loader_path/Frameworks";
				PRODUCT_NAME = "$(TARGET_NAME)";
				TEST_HOST = "$(BUILT_PRODUCTS_DIR)/FindAFlock.app/FindAFlock";
			};
			name = Debug;
		};
		25ECBA8A1A0578070002514B /* Release */ = {
			isa = XCBuildConfiguration;
			buildSettings = {
				BUNDLE_LOADER = "$(TEST_HOST)";
				FRAMEWORK_SEARCH_PATHS = (
					"$(SDKROOT)/Developer/Library/Frameworks",
					"$(inherited)",
				);
				INFOPLIST_FILE = FindAFlockTests/Info.plist;
				LD_RUNPATH_SEARCH_PATHS = "$(inherited) @executable_path/Frameworks @loader_path/Frameworks";
				PRODUCT_NAME = "$(TARGET_NAME)";
				TEST_HOST = "$(BUILT_PRODUCTS_DIR)/FindAFlock.app/FindAFlock";
			};
			name = Release;
		};
/* End XCBuildConfiguration section */

/* Begin XCConfigurationList section */
		25ECBA5A1A0578070002514B /* Build configuration list for PBXProject "FindAFlock" */ = {
			isa = XCConfigurationList;
			buildConfigurations = (
				25ECBA831A0578070002514B /* Debug */,
				25ECBA841A0578070002514B /* Release */,
			);
			defaultConfigurationIsVisible = 0;
			defaultConfigurationName = Release;
		};
		25ECBA851A0578070002514B /* Build configuration list for PBXNativeTarget "FindAFlock" */ = {
			isa = XCConfigurationList;
			buildConfigurations = (
				25ECBA861A0578070002514B /* Debug */,
				25ECBA871A0578070002514B /* Release */,
			);
			defaultConfigurationIsVisible = 0;
			defaultConfigurationName = Release;
		};
		25ECBA881A0578070002514B /* Build configuration list for PBXNativeTarget "FindAFlockTests" */ = {
			isa = XCConfigurationList;
			buildConfigurations = (
				25ECBA891A0578070002514B /* Debug */,
				25ECBA8A1A0578070002514B /* Release */,
			);
			defaultConfigurationIsVisible = 0;
			defaultConfigurationName = Release;
		};
/* End XCConfigurationList section */
	};
	rootObject = 25ECBA571A0578070002514B /* Project object */;
}
