// !$*UTF8*$!
{
	archiveVersion = 1;
	classes = {
	};
	objectVersion = 46;
	objects = {

/* Begin PBXBuildFile section */
		25ECBA651A0578070002514B /* main.m in Sources */ = {isa = PBXBuildFile; fileRef = 25ECBA641A0578070002514B /* main.m */; };
		25ECBA681A0578070002514B /* AppDelegate.m in Sources */ = {isa = PBXBuildFile; fileRef = 25ECBA671A0578070002514B /* AppDelegate.m */; };
		25ECBA6B1A0578070002514B /* FirstViewController.m in Sources */ = {isa = PBXBuildFile; fileRef = 25ECBA6A1A0578070002514B /* FirstViewController.m */; };
		25ECBA6E1A0578070002514B /* SecondViewController.m in Sources */ = {isa = PBXBuildFile; fileRef = 25ECBA6D1A0578070002514B /* SecondViewController.m */; };
		25ECBA711A0578070002514B /* Main.storyboard in Resources */ = {isa = PBXBuildFile; fileRef = 25ECBA6F1A0578070002514B /* Main.storyboard */; };
		25ECBA731A0578070002514B /* Images.xcassets in Resources */ = {isa = PBXBuildFile; fileRef = 25ECBA721A0578070002514B /* Images.xcassets */; };
		25ECBA761A0578070002514B /* LaunchScreen.xib in Resources */ = {isa = PBXBuildFile; fileRef = 25ECBA741A0578070002514B /* LaunchScreen.xib */; };
		25ECBA821A0578070002514B /* FindAFlockTests.m in Sources */ = {isa = PBXBuildFile; fileRef = 25ECBA811A0578070002514B /* FindAFlockTests.m */; };
		25ECBA8D1A0579B40002514B /* Bolts.framework in Frameworks */ = {isa = PBXBuildFile; fileRef = 25ECBA8B1A0579B40002514B /* Bolts.framework */; };
		25ECBA8E1A0579B40002514B /* Parse.framework in Frameworks */ = {isa = PBXBuildFile; fileRef = 25ECBA8C1A0579B40002514B /* Parse.framework */; };
		25ECBA901A0579CC0002514B /* ParseFacebookUtils.framework in Frameworks */ = {isa = PBXBuildFile; fileRef = 25ECBA8F1A0579CC0002514B /* ParseFacebookUtils.framework */; };
		25ECBA921A0579F30002514B /* Accounts.framework in Frameworks */ = {isa = PBXBuildFile; fileRef = 25ECBA911A0579F30002514B /* Accounts.framework */; };
		25ECBA941A057A000002514B /* AudioToolbox.framework in Frameworks */ = {isa = PBXBuildFile; fileRef = 25ECBA931A057A000002514B /* AudioToolbox.framework */; };
		25ECBA961A057A060002514B /* CFNetwork.framework in Frameworks */ = {isa = PBXBuildFile; fileRef = 25ECBA951A057A060002514B /* CFNetwork.framework */; };
		25ECBA981A057A0C0002514B /* CoreGraphics.framework in Frameworks */ = {isa = PBXBuildFile; fileRef = 25ECBA971A057A0C0002514B /* CoreGraphics.framework */; };
		25ECBA9A1A057A110002514B /* CoreLocation.framework in Frameworks */ = {isa = PBXBuildFile; fileRef = 25ECBA991A057A110002514B /* CoreLocation.framework */; };
		25ECBA9C1A057A180002514B /* libz.dylib in Frameworks */ = {isa = PBXBuildFile; fileRef = 25ECBA9B1A057A180002514B /* libz.dylib */; };
		25ECBA9E1A057A1D0002514B /* MobileCoreServices.framework in Frameworks */ = {isa = PBXBuildFile; fileRef = 25ECBA9D1A057A1D0002514B /* MobileCoreServices.framework */; };
		25ECBAA01A057A220002514B /* QuartzCore.framework in Frameworks */ = {isa = PBXBuildFile; fileRef = 25ECBA9F1A057A220002514B /* QuartzCore.framework */; };
		25ECBAA21A057A270002514B /* Security.framework in Frameworks */ = {isa = PBXBuildFile; fileRef = 25ECBAA11A057A270002514B /* Security.framework */; };
		25ECBAA41A057A2B0002514B /* Social.framework in Frameworks */ = {isa = PBXBuildFile; fileRef = 25ECBAA31A057A2B0002514B /* Social.framework */; };
		25ECBAA61A057A300002514B /* StoreKit.framework in Frameworks */ = {isa = PBXBuildFile; fileRef = 25ECBAA51A057A300002514B /* StoreKit.framework */; };
		25ECBAA81A057A350002514B /* SystemConfiguration.framework in Frameworks */ = {isa = PBXBuildFile; fileRef = 25ECBAA71A057A350002514B /* SystemConfiguration.framework */; };
		25ECBAAB1A057BF50002514B /* FacebookSDK.framework in Frameworks */ = {isa = PBXBuildFile; fileRef = 25ECBAAA1A057BF50002514B /* FacebookSDK.framework */; };
		25ECBAAE1A0581DA0002514B /* LoginViewController.m in Sources */ = {isa = PBXBuildFile; fileRef = 25ECBAAD1A0581DA0002514B /* LoginViewController.m */; };
/* End PBXBuildFile section */

/* Begin PBXContainerItemProxy section */
		25ECBA7C1A0578070002514B /* PBXContainerItemProxy */ = {
			isa = PBXContainerItemProxy;
			containerPortal = 25ECBA571A0578070002514B /* Project object */;
			proxyType = 1;
			remoteGlobalIDString = 25ECBA5E1A0578070002514B;
			remoteInfo = FindAFlock;
		};
/* End PBXContainerItemProxy section */

/* Begin PBXFileReference section */
		25ECBA5F1A0578070002514B /* FindAFlock.app */ = {isa = PBXFileReference; explicitFileType = wrapper.application; includeInIndex = 0; path = FindAFlock.app; sourceTree = BUILT_PRODUCTS_DIR; };
		25ECBA631A0578070002514B /* Info.plist */ = {isa = PBXFileReference; lastKnownFileType = text.plist.xml; path = Info.plist; sourceTree = "<group>"; };
		25ECBA641A0578070002514B /* main.m */ = {isa = PBXFileReference; lastKnownFileType = sourcecode.c.objc; path = main.m; sourceTree = "<group>"; };
		25ECBA661A0578070002514B /* AppDelegate.h */ = {isa = PBXFileReference; lastKnownFileType = sourcecode.c.h; path = AppDelegate.h; sourceTree = "<group>"; };
		25ECBA671A0578070002514B /* AppDelegate.m */ = {isa = PBXFileReference; lastKnownFileType = sourcecode.c.objc; path = AppDelegate.m; sourceTree = "<group>"; };
		25ECBA691A0578070002514B /* FirstViewController.h */ = {isa = PBXFileReference; lastKnownFileType = sourcecode.c.h; path = FirstViewController.h; sourceTree = "<group>"; };
		25ECBA6A1A0578070002514B /* FirstViewController.m */ = {isa = PBXFileReference; lastKnownFileType = sourcecode.c.objc; path = FirstViewController.m; sourceTree = "<group>"; };
		25ECBA6C1A0578070002514B /* SecondViewController.h */ = {isa = PBXFileReference; lastKnownFileType = sourcecode.c.h; path = SecondViewController.h; sourceTree = "<group>"; };
		25ECBA6D1A0578070002514B /* SecondViewController.m */ = {isa = PBXFileReference; lastKnownFileType = sourcecode.c.objc; path = SecondViewController.m; sourceTree = "<group>"; };
		25ECBA701A0578070002514B /* Base */ = {isa = PBXFileReference; lastKnownFileType = file.storyboard; name = Base; path = Base.lproj/Main.storyboard; sourceTree = "<group>"; };
		25ECBA721A0578070002514B /* Images.xcassets */ = {isa = PBXFileReference; lastKnownFileType = folder.assetcatalog; path = Images.xcassets; sourceTree = "<group>"; };
		25ECBA751A0578070002514B /* Base */ = {isa = PBXFileReference; lastKnownFileType = file.xib; name = Base; path = Base.lproj/LaunchScreen.xib; sourceTree = "<group>"; };
		25ECBA7B1A0578070002514B /* FindAFlockTests.xctest */ = {isa = PBXFileReference; explicitFileType = wrapper.cfbundle; includeInIndex = 0; path = FindAFlockTests.xctest; sourceTree = BUILT_PRODUCTS_DIR; };
		25ECBA801A0578070002514B /* Info.plist */ = {isa = PBXFileReference; lastKnownFileType = text.plist.xml; path = Info.plist; sourceTree = "<group>"; };
		25ECBA811A0578070002514B /* FindAFlockTests.m */ = {isa = PBXFileReference; lastKnownFileType = sourcecode.c.objc; path = FindAFlockTests.m; sourceTree = "<group>"; };
		25ECBA8B1A0579B40002514B /* Bolts.framework */ = {isa = PBXFileReference; lastKnownFileType = wrapper.framework; name = Bolts.framework; path = "parse-library-1.4.2/Bolts.framework"; sourceTree = "<group>"; };
		25ECBA8C1A0579B40002514B /* Parse.framework */ = {isa = PBXFileReference; lastKnownFileType = wrapper.framework; name = Parse.framework; path = "parse-library-1.4.2/Parse.framework"; sourceTree = "<group>"; };
		25ECBA8F1A0579CC0002514B /* ParseFacebookUtils.framework */ = {isa = PBXFileReference; lastKnownFileType = wrapper.framework; name = ParseFacebookUtils.framework; path = "parse-library-1.4.2/ParseFacebookUtils.framework"; sourceTree = "<group>"; };
		25ECBA911A0579F30002514B /* Accounts.framework */ = {isa = PBXFileReference; lastKnownFileType = wrapper.framework; name = Accounts.framework; path = System/Library/Frameworks/Accounts.framework; sourceTree = SDKROOT; };
		25ECBA931A057A000002514B /* AudioToolbox.framework */ = {isa = PBXFileReference; lastKnownFileType = wrapper.framework; name = AudioToolbox.framework; path = System/Library/Frameworks/AudioToolbox.framework; sourceTree = SDKROOT; };
		25ECBA951A057A060002514B /* CFNetwork.framework */ = {isa = PBXFileReference; lastKnownFileType = wrapper.framework; name = CFNetwork.framework; path = System/Library/Frameworks/CFNetwork.framework; sourceTree = SDKROOT; };
		25ECBA971A057A0C0002514B /* CoreGraphics.framework */ = {isa = PBXFileReference; lastKnownFileType = wrapper.framework; name = CoreGraphics.framework; path = System/Library/Frameworks/CoreGraphics.framework; sourceTree = SDKROOT; };
		25ECBA991A057A110002514B /* CoreLocation.framework */ = {isa = PBXFileReference; lastKnownFileType = wrapper.framework; name = CoreLocation.framework; path = System/Library/Frameworks/CoreLocation.framework; sourceTree = SDKROOT; };
		25ECBA9B1A057A180002514B /* libz.dylib */ = {isa = PBXFileReference; lastKnownFileType = "compiled.mach-o.dylib"; name = libz.dylib; path = usr/lib/libz.dylib; sourceTree = SDKROOT; };
		25ECBA9D1A057A1D0002514B /* MobileCoreServices.framework */ = {isa = PBXFileReference; lastKnownFileType = wrapper.framework; name = MobileCoreServices.framework; path = System/Library/Frameworks/MobileCoreServices.framework; sourceTree = SDKROOT; };
		25ECBA9F1A057A220002514B /* QuartzCore.framework */ = {isa = PBXFileReference; lastKnownFileType = wrapper.framework; name = QuartzCore.framework; path = System/Library/Frameworks/QuartzCore.framework; sourceTree = SDKROOT; };
		25ECBAA11A057A270002514B /* Security.framework */ = {isa = PBXFileReference; lastKnownFileType = wrapper.framework; name = Security.framework; path = System/Library/Frameworks/Security.framework; sourceTree = SDKROOT; };
		25ECBAA31A057A2B0002514B /* Social.framework */ = {isa = PBXFileReference; lastKnownFileType = wrapper.framework; name = Social.framework; path = System/Library/Frameworks/Social.framework; sourceTree = SDKROOT; };
		25ECBAA51A057A300002514B /* StoreKit.framework */ = {isa = PBXFileReference; lastKnownFileType = wrapper.framework; name = StoreKit.framework; path = System/Library/Frameworks/StoreKit.framework; sourceTree = SDKROOT; };
		25ECBAA71A057A350002514B /* SystemConfiguration.framework */ = {isa = PBXFileReference; lastKnownFileType = wrapper.framework; name = SystemConfiguration.framework; path = System/Library/Frameworks/SystemConfiguration.framework; sourceTree = SDKROOT; };
		25ECBAAA1A057BF50002514B /* FacebookSDK.framework */ = {isa = PBXFileReference; lastKnownFileType = wrapper.framework; name = FacebookSDK.framework; path = ../../../../../Documents/FacebookSDK/FacebookSDK.framework; sourceTree = "<group>"; };
		25ECBAAC1A0581DA0002514B /* LoginViewController.h */ = {isa = PBXFileReference; fileEncoding = 4; lastKnownFileType = sourcecode.c.h; path = LoginViewController.h; sourceTree = "<group>"; };
		25ECBAAD1A0581DA0002514B /* LoginViewController.m */ = {isa = PBXFileReference; fileEncoding = 4; lastKnownFileType = sourcecode.c.objc; path = LoginViewController.m; sourceTree = "<group>"; };
/* End PBXFileReference section */

/* Begin PBXFrameworksBuildPhase section */
		25ECBA5C1A0578070002514B /* Frameworks */ = {
			isa = PBXFrameworksBuildPhase;
			buildActionMask = 2147483647;
			files = (
				25ECBAA81A057A350002514B /* SystemConfiguration.framework in Frameworks */,
				25ECBAA61A057A300002514B /* StoreKit.framework in Frameworks */,
				25ECBAA41A057A2B0002514B /* Social.framework in Frameworks */,
				25ECBAA21A057A270002514B /* Security.framework in Frameworks */,
				25ECBAA01A057A220002514B /* QuartzCore.framework in Frameworks */,
				25ECBA9E1A057A1D0002514B /* MobileCoreServices.framework in Frameworks */,
				25ECBA9C1A057A180002514B /* libz.dylib in Frameworks */,
				25ECBA9A1A057A110002514B /* CoreLocation.framework in Frameworks */,
				25ECBA981A057A0C0002514B /* CoreGraphics.framework in Frameworks */,
				25ECBA961A057A060002514B /* CFNetwork.framework in Frameworks */,
				25ECBA941A057A000002514B /* AudioToolbox.framework in Frameworks */,
				25ECBA921A0579F30002514B /* Accounts.framework in Frameworks */,
				25ECBA8E1A0579B40002514B /* Parse.framework in Frameworks */,
				25ECBAAB1A057BF50002514B /* FacebookSDK.framework in Frameworks */,
				25ECBA8D1A0579B40002514B /* Bolts.framework in Frameworks */,
				25ECBA901A0579CC0002514B /* ParseFacebookUtils.framework in Frameworks */,
			);
			runOnlyForDeploymentPostprocessing = 0;
		};
		25ECBA781A0578070002514B /* Frameworks */ = {
			isa = PBXFrameworksBuildPhase;
			buildActionMask = 2147483647;
			files = (
			);
			runOnlyForDeploymentPostprocessing = 0;
		};
/* End PBXFrameworksBuildPhase section */

/* Begin PBXGroup section */
		25ECBA561A0578070002514B = {
			isa = PBXGroup;
			children = (
				25ECBAA91A057A490002514B /* Frameworks */,
				25ECBA611A0578070002514B /* FindAFlock */,
				25ECBA7E1A0578070002514B /* FindAFlockTests */,
				25ECBA601A0578070002514B /* Products */,
			);
			sourceTree = "<group>";
		};
		25ECBA601A0578070002514B /* Products */ = {
			isa = PBXGroup;
			children = (
				25ECBA5F1A0578070002514B /* FindAFlock.app */,
				25ECBA7B1A0578070002514B /* FindAFlockTests.xctest */,
			);
			name = Products;
			sourceTree = "<group>";
		};
		25ECBA611A0578070002514B /* FindAFlock */ = {
			isa = PBXGroup;
			children = (
				25ECBA661A0578070002514B /* AppDelegate.h */,
				25ECBA671A0578070002514B /* AppDelegate.m */,
				25ECBA691A0578070002514B /* FirstViewController.h */,
				25ECBA6A1A0578070002514B /* FirstViewController.m */,
				25ECBA6C1A0578070002514B /* SecondViewController.h */,
				25ECBA6D1A0578070002514B /* SecondViewController.m */,
				25ECBA6F1A0578070002514B /* Main.storyboard */,
				25ECBAAC1A0581DA0002514B /* LoginViewController.h */,
				25ECBAAD1A0581DA0002514B /* LoginViewController.m */,
				25ECBA721A0578070002514B /* Images.xcassets */,
				25ECBA741A0578070002514B /* LaunchScreen.xib */,
				25ECBA621A0578070002514B /* Supporting Files */,
			);
			path = FindAFlock;
			sourceTree = "<group>";
		};
		25ECBA621A0578070002514B /* Supporting Files */ = {
			isa = PBXGroup;
			children = (
				25ECBA631A0578070002514B /* Info.plist */,
				25ECBA641A0578070002514B /* main.m */,
			);
			name = "Supporting Files";
			sourceTree = "<group>";
		};
		25ECBA7E1A0578070002514B /* FindAFlockTests */ = {
			isa = PBXGroup;
			children = (
				25ECBA811A0578070002514B /* FindAFlockTests.m */,
				25ECBA7F1A0578070002514B /* Supporting Files */,
			);
			path = FindAFlockTests;
			sourceTree = "<group>";
		};
		25ECBA7F1A0578070002514B /* Supporting Files */ = {
			isa = PBXGroup;
			children = (
				25ECBA801A0578070002514B /* Info.plist */,
			);
			name = "Supporting Files";
			sourceTree = "<group>";
		};
		25ECBAA91A057A490002514B /* Frameworks */ = {
			isa = PBXGroup;
			children = (
				25ECBAAA1A057BF50002514B /* FacebookSDK.framework */,
				25ECBAA71A057A350002514B /* SystemConfiguration.framework */,
				25ECBAA51A057A300002514B /* StoreKit.framework */,
				25ECBAA31A057A2B0002514B /* Social.framework */,
				25ECBAA11A057A270002514B /* Security.framework */,
				25ECBA9F1A057A220002514B /* QuartzCore.framework */,
				25ECBA9D1A057A1D0002514B /* MobileCoreServices.framework */,
				25ECBA9B1A057A180002514B /* libz.dylib */,
				25ECBA991A057A110002514B /* CoreLocation.framework */,
				25ECBA971A057A0C0002514B /* CoreGraphics.framework */,
				25ECBA951A057A060002514B /* CFNetwork.framework */,
				25ECBA931A057A000002514B /* AudioToolbox.framework */,
				25ECBA911A0579F30002514B /* Accounts.framework */,
				25ECBA8F1A0579CC0002514B /* ParseFacebookUtils.framework */,
				25ECBA8B1A0579B40002514B /* Bolts.framework */,
				25ECBA8C1A0579B40002514B /* Parse.framework */,
			);
			name = Frameworks;
			sourceTree = "<group>";
		};
/* End PBXGroup section */

/* Begin PBXNativeTarget section */
		25ECBA5E1A0578070002514B /* FindAFlock */ = {
			isa = PBXNativeTarget;
			buildConfigurationList = 25ECBA851A0578070002514B /* Build configuration list for PBXNativeTarget "FindAFlock" */;
			buildPhases = (
				25ECBA5B1A0578070002514B /* Sources */,
				25ECBA5C1A0578070002514B /* Frameworks */,
				25ECBA5D1A0578070002514B /* Resources */,
			);
			buildRules = (
			);
			dependencies = (
			);
			name = FindAFlock;
			productName = FindAFlock;
			productReference = 25ECBA5F1A0578070002514B /* FindAFlock.app */;
			productType = "com.apple.product-type.application";
		};
		25ECBA7A1A0578070002514B /* FindAFlockTests */ = {
			isa = PBXNativeTarget;
			buildConfigurationList = 25ECBA881A0578070002514B /* Build configuration list for PBXNativeTarget "FindAFlockTests" */;
			buildPhases = (
				25ECBA771A0578070002514B /* Sources */,
				25ECBA781A0578070002514B /* Frameworks */,
				25ECBA791A0578070002514B /* Resources */,
			);
			buildRules = (
			);
			dependencies = (
				25ECBA7D1A0578070002514B /* PBXTargetDependency */,
			);
			name = FindAFlockTests;
			productName = FindAFlockTests;
			productReference = 25ECBA7B1A0578070002514B /* FindAFlockTests.xctest */;
			productType = "com.apple.product-type.bundle.unit-test";
		};
/* End PBXNativeTarget section */

/* Begin PBXProject section */
		25ECBA571A0578070002514B /* Project object */ = {
			isa = PBXProject;
			attributes = {
				LastUpgradeCheck = 0610;
				ORGANIZATIONNAME = "Lucas Gutterman";
				TargetAttributes = {
					25ECBA5E1A0578070002514B = {
						CreatedOnToolsVersion = 6.1;
					};
					25ECBA7A1A0578070002514B = {
						CreatedOnToolsVersion = 6.1;
						TestTargetID = 25ECBA5E1A0578070002514B;
					};
				};
			};
			buildConfigurationList = 25ECBA5A1A0578070002514B /* Build configuration list for PBXProject "FindAFlock" */;
			compatibilityVersion = "Xcode 3.2";
			developmentRegion = English;
			hasScannedForEncodings = 0;
			knownRegions = (
				en,
				Base,
			);
			mainGroup = 25ECBA561A0578070002514B;
			productRefGroup = 25ECBA601A0578070002514B /* Products */;
			projectDirPath = "";
			projectRoot = "";
			targets = (
				25ECBA5E1A0578070002514B /* FindAFlock */,
				25ECBA7A1A0578070002514B /* FindAFlockTests */,
			);
		};
/* End PBXProject section */

/* Begin PBXResourcesBuildPhase section */
		25ECBA5D1A0578070002514B /* Resources */ = {
			isa = PBXResourcesBuildPhase;
			buildActionMask = 2147483647;
			files = (
				25ECBA711A0578070002514B /* Main.storyboard in Resources */,
				25ECBA761A0578070002514B /* LaunchScreen.xib in Resources */,
				25ECBA731A0578070002514B /* Images.xcassets in Resources */,
			);
			runOnlyForDeploymentPostprocessing = 0;
		};
		25ECBA791A0578070002514B /* Resources */ = {
			isa = PBXResourcesBuildPhase;
			buildActionMask = 2147483647;
			files = (
			);
			runOnlyForDeploymentPostprocessing = 0;
		};
/* End PBXResourcesBuildPhase section */

/* Begin PBXSourcesBuildPhase section */
		25ECBA5B1A0578070002514B /* Sources */ = {
			isa = PBXSourcesBuildPhase;
			buildActionMask = 2147483647;
			files = (
				25ECBA6E1A0578070002514B /* SecondViewController.m in Sources */,
				25ECBA681A0578070002514B /* AppDelegate.m in Sources */,
				25ECBA6B1A0578070002514B /* FirstViewController.m in Sources */,
				25ECBA651A0578070002514B /* main.m in Sources */,
				25ECBAAE1A0581DA0002514B /* LoginViewController.m in Sources */,
			);
			runOnlyForDeploymentPostprocessing = 0;
		};
		25ECBA771A0578070002514B /* Sources */ = {
			isa = PBXSourcesBuildPhase;
			buildActionMask = 2147483647;
			files = (
				25ECBA821A0578070002514B /* FindAFlockTests.m in Sources */,
			);
			runOnlyForDeploymentPostprocessing = 0;
		};
/* End PBXSourcesBuildPhase section */

/* Begin PBXTargetDependency section */
		25ECBA7D1A0578070002514B /* PBXTargetDependency */ = {
			isa = PBXTargetDependency;
			target = 25ECBA5E1A0578070002514B /* FindAFlock */;
			targetProxy = 25ECBA7C1A0578070002514B /* PBXContainerItemProxy */;
		};
/* End PBXTargetDependency section */

/* Begin PBXVariantGroup section */
		25ECBA6F1A0578070002514B /* Main.storyboard */ = {
			isa = PBXVariantGroup;
			children = (
				25ECBA701A0578070002514B /* Base */,
			);
			name = Main.storyboard;
			sourceTree = "<group>";
		};
		25ECBA741A0578070002514B /* LaunchScreen.xib */ = {
			isa = PBXVariantGroup;
			children = (
				25ECBA751A0578070002514B /* Base */,
			);
			name = LaunchScreen.xib;
			sourceTree = "<group>";
		};
/* End PBXVariantGroup section */

/* Begin XCBuildConfiguration section */
		25ECBA831A0578070002514B /* Debug */ = {
			isa = XCBuildConfiguration;
			buildSettings = {
				ALWAYS_SEARCH_USER_PATHS = NO;
				CLANG_CXX_LANGUAGE_STANDARD = "gnu++0x";
				CLANG_CXX_LIBRARY = "libc++";
				CLANG_ENABLE_MODULES = YES;
				CLANG_ENABLE_OBJC_ARC = YES;
				CLANG_WARN_BOOL_CONVERSION = YES;
				CLANG_WARN_CONSTANT_CONVERSION = YES;
				CLANG_WARN_DIRECT_OBJC_ISA_USAGE = YES_ERROR;
				CLANG_WARN_EMPTY_BODY = YES;
				CLANG_WARN_ENUM_CONVERSION = YES;
				CLANG_WARN_INT_CONVERSION = YES;
				CLANG_WARN_OBJC_ROOT_CLASS = YES_ERROR;
				CLANG_WARN_UNREACHABLE_CODE = YES;
				CLANG_WARN__DUPLICATE_METHOD_MATCH = YES;
				"CODE_SIGN_IDENTITY[sdk=iphoneos*]" = "iPhone Developer";
				COPY_PHASE_STRIP = NO;
				ENABLE_STRICT_OBJC_MSGSEND = YES;
				GCC_C_LANGUAGE_STANDARD = gnu99;
				GCC_DYNAMIC_NO_PIC = NO;
				GCC_OPTIMIZATION_LEVEL = 0;
				GCC_PREPROCESSOR_DEFINITIONS = (
					"DEBUG=1",
					"$(inherited)",
				);
				GCC_SYMBOLS_PRIVATE_EXTERN = NO;
				GCC_WARN_64_TO_32_BIT_CONVERSION = YES;
				GCC_WARN_ABOUT_RETURN_TYPE = YES_ERROR;
				GCC_WARN_UNDECLARED_SELECTOR = YES;
				GCC_WARN_UNINITIALIZED_AUTOS = YES_AGGRESSIVE;
				GCC_WARN_UNUSED_FUNCTION = YES;
				GCC_WARN_UNUSED_VARIABLE = YES;
				IPHONEOS_DEPLOYMENT_TARGET = 8.1;
				MTL_ENABLE_DEBUG_INFO = YES;
				ONLY_ACTIVE_ARCH = YES;
				SDKROOT = iphoneos;
			};
			name = Debug;
		};
		25ECBA841A0578070002514B /* Release */ = {
			isa = XCBuildConfiguration;
			buildSettings = {
				ALWAYS_SEARCH_USER_PATHS = NO;
				CLANG_CXX_LANGUAGE_STANDARD = "gnu++0x";
				CLANG_CXX_LIBRARY = "libc++";
				CLANG_ENABLE_MODULES = YES;
				CLANG_ENABLE_OBJC_ARC = YES;
				CLANG_WARN_BOOL_CONVERSION = YES;
				CLANG_WARN_CONSTANT_CONVERSION = YES;
				CLANG_WARN_DIRECT_OBJC_ISA_USAGE = YES_ERROR;
				CLANG_WARN_EMPTY_BODY = YES;
				CLANG_WARN_ENUM_CONVERSION = YES;
				CLANG_WARN_INT_CONVERSION = YES;
				CLANG_WARN_OBJC_ROOT_CLASS = YES_ERROR;
				CLANG_WARN_UNREACHABLE_CODE = YES;
				CLANG_WARN__DUPLICATE_METHOD_MATCH = YES;
				"CODE_SIGN_IDENTITY[sdk=iphoneos*]" = "iPhone Developer";
				COPY_PHASE_STRIP = YES;
				ENABLE_NS_ASSERTIONS = NO;
				ENABLE_STRICT_OBJC_MSGSEND = YES;
				GCC_C_LANGUAGE_STANDARD = gnu99;
				GCC_WARN_64_TO_32_BIT_CONVERSION = YES;
				GCC_WARN_ABOUT_RETURN_TYPE = YES_ERROR;
				GCC_WARN_UNDECLARED_SELECTOR = YES;
				GCC_WARN_UNINITIALIZED_AUTOS = YES_AGGRESSIVE;
				GCC_WARN_UNUSED_FUNCTION = YES;
				GCC_WARN_UNUSED_VARIABLE = YES;
				IPHONEOS_DEPLOYMENT_TARGET = 8.1;
				MTL_ENABLE_DEBUG_INFO = NO;
				SDKROOT = iphoneos;
				VALIDATE_PRODUCT = YES;
			};
			name = Release;
		};
		25ECBA861A0578070002514B /* Debug */ = {
			isa = XCBuildConfiguration;
			buildSettings = {
				ASSETCATALOG_COMPILER_APPICON_NAME = AppIcon;
				FRAMEWORK_SEARCH_PATHS = (
					"$(inherited)",
					"$(PROJECT_DIR)/parse-library-1.4.2",
					/Users/lgrocket/Documents/FacebookSDK,
				);
				INFOPLIST_FILE = FindAFlock/Info.plist;
				LD_RUNPATH_SEARCH_PATHS = "$(inherited) @executable_path/Frameworks";
				PRODUCT_NAME = "$(TARGET_NAME)";
			};
			name = Debug;
		};
		25ECBA871A0578070002514B /* Release */ = {
			isa = XCBuildConfiguration;
			buildSettings = {
				ASSETCATALOG_COMPILER_APPICON_NAME = AppIcon;
				FRAMEWORK_SEARCH_PATHS = (
					"$(inherited)",
					"$(PROJECT_DIR)/parse-library-1.4.2",
					/Users/lgrocket/Documents/FacebookSDK,
				);
				INFOPLIST_FILE = FindAFlock/Info.plist;
				LD_RUNPATH_SEARCH_PATHS = "$(inherited) @executable_path/Frameworks";
				PRODUCT_NAME = "$(TARGET_NAME)";
			};
			name = Release;
		};
		25ECBA891A0578070002514B /* Debug */ = {
			isa = XCBuildConfiguration;
			buildSettings = {
				BUNDLE_LOADER = "$(TEST_HOST)";
				FRAMEWORK_SEARCH_PATHS = (
					"$(SDKROOT)/Developer/Library/Frameworks",
					"$(inherited)",
				);
				GCC_PREPROCESSOR_DEFINITIONS = (
					"DEBUG=1",
					"$(inherited)",
				);
				INFOPLIST_FILE = FindAFlockTests/Info.plist;
				LD_RUNPATH_SEARCH_PATHS = "$(inherited) @executable_path/Frameworks @loader_path/Frameworks";
				PRODUCT_NAME = "$(TARGET_NAME)";
				TEST_HOST = "$(BUILT_PRODUCTS_DIR)/FindAFlock.app/FindAFlock";
			};
			name = Debug;
		};
		25ECBA8A1A0578070002514B /* Release */ = {
			isa = XCBuildConfiguration;
			buildSettings = {
				BUNDLE_LOADER = "$(TEST_HOST)";
				FRAMEWORK_SEARCH_PATHS = (
					"$(SDKROOT)/Developer/Library/Frameworks",
					"$(inherited)",
				);
				INFOPLIST_FILE = FindAFlockTests/Info.plist;
				LD_RUNPATH_SEARCH_PATHS = "$(inherited) @executable_path/Frameworks @loader_path/Frameworks";
				PRODUCT_NAME = "$(TARGET_NAME)";
				TEST_HOST = "$(BUILT_PRODUCTS_DIR)/FindAFlock.app/FindAFlock";
			};
			name = Release;
		};
/* End XCBuildConfiguration section */

/* Begin XCConfigurationList section */
		25ECBA5A1A0578070002514B /* Build configuration list for PBXProject "FindAFlock" */ = {
			isa = XCConfigurationList;
			buildConfigurations = (
				25ECBA831A0578070002514B /* Debug */,
				25ECBA841A0578070002514B /* Release */,
			);
			defaultConfigurationIsVisible = 0;
			defaultConfigurationName = Release;
		};
		25ECBA851A0578070002514B /* Build configuration list for PBXNativeTarget "FindAFlock" */ = {
			isa = XCConfigurationList;
			buildConfigurations = (
				25ECBA861A0578070002514B /* Debug */,
				25ECBA871A0578070002514B /* Release */,
			);
			defaultConfigurationIsVisible = 0;
			defaultConfigurationName = Release;
		};
		25ECBA881A0578070002514B /* Build configuration list for PBXNativeTarget "FindAFlockTests" */ = {
			isa = XCConfigurationList;
			buildConfigurations = (
				25ECBA891A0578070002514B /* Debug */,
				25ECBA8A1A0578070002514B /* Release */,
			);
			defaultConfigurationIsVisible = 0;
			defaultConfigurationName = Release;
		};
/* End XCConfigurationList section */
	};
	rootObject = 25ECBA571A0578070002514B /* Project object */;
}
